
Microsoft Visual Studio Solution File, Format Version 12.00
# Visual Studio Version 17
VisualStudioVersion = 17.2.32516.85
MinimumVisualStudioVersion = 10.0.40219.1
Project("{9A19103F-16F7-4668-BE54-9A1E7A4F7556}") = "1. Two Sum", "1. Two Sum\1. Two Sum.csproj", "{11B859BD-8296-44EF-AC77-F27651037337}"
EndProject
Project("{9A19103F-16F7-4668-BE54-9A1E7A4F7556}") = "2. Add Two Numbers", "2. Add Two Numbers\2. Add Two Numbers.csproj", "{909645DE-4CEB-4EC4-B8D0-143476BCD09D}"
EndProject
Project("{9A19103F-16F7-4668-BE54-9A1E7A4F7556}") = "3. Longest Substring Without Repeating Characters", "3. Longest Substring Without Repeating Characters\3. Longest Substring Without Repeating Characters.csproj", "{ECAA7976-C9A4-42E9-9E59-43F84E63248C}"
EndProject
Project("{9A19103F-16F7-4668-BE54-9A1E7A4F7556}") = "4. Median of Two Sorted Arrays", "4. Median of Two Sorted Arrays\4. Median of Two Sorted Arrays.csproj", "{671EF444-4CF2-4EC0-A43A-1D29D0ABD7B1}"
EndProject
Project("{9A19103F-16F7-4668-BE54-9A1E7A4F7556}") = "5. Longest Palindromic Substring", "5. Longest Palindromic Substring\5. Longest Palindromic Substring.csproj", "{5B2016D5-D776-439E-8A7D-8C6DF9F14BDB}"
EndProject
Project("{9A19103F-16F7-4668-BE54-9A1E7A4F7556}") = "6. ZigZag Conversion", "6. ZigZag Conversion\6. ZigZag Conversion.csproj", "{204795B0-4FA9-47D9-8FE4-ECFA0380EC17}"
EndProject
Project("{9A19103F-16F7-4668-BE54-9A1E7A4F7556}") = "7. Reverse Integer", "7. Reverse Integer\7. Reverse Integer.csproj", "{E7D2206D-F868-4C18-84D2-6AC052C73139}"
EndProject
Project("{9A19103F-16F7-4668-BE54-9A1E7A4F7556}") = "8. String to Integer (atoi)", "8. String to Integer (atoi)\8. String to Integer (atoi).csproj", "{7A7BB24A-F3C1-45F8-AA45-5864CF566659}"
EndProject
Project("{9A19103F-16F7-4668-BE54-9A1E7A4F7556}") = "926. Flip String to Monotone Increasing", "926. Flip String to Monotone Increasing\926. Flip String to Monotone Increasing.csproj", "{6A72EE5B-38A7-4BFA-8773-B3979A5B8F6A}"
EndProject
Project("{9A19103F-16F7-4668-BE54-9A1E7A4F7556}") = "10. Regular Expression Matching", "10. Regular Expression Matching\10. Regular Expression Matching.csproj", "{D8CED46B-10F6-4B34-A5AF-3EEC7074B478}"
EndProject
Project("{9A19103F-16F7-4668-BE54-9A1E7A4F7556}") = "12. Integer to Roman", "12. Integer to Roman\12. Integer to Roman.csproj", "{4D421063-B165-44F1-98A2-87EADB446C04}"
EndProject
Project("{2150E333-8FDC-42A3-9474-1A3956D46DE8}") = "001-099", "001-099", "{0716DFFE-6965-4755-B811-D2D678F71B32}"
EndProject
Project("{2150E333-8FDC-42A3-9474-1A3956D46DE8}") = "051-100", "051-100", "{7299B4D6-6951-4A32-9C4C-26098108FA4F}"
EndProject
Project("{9A19103F-16F7-4668-BE54-9A1E7A4F7556}") = "49. Group Anagrams", "49. Group Anagrams\49. Group Anagrams.csproj", "{13497477-3F0E-434E-AEFC-C54092E8A0E5}"
EndProject
Project("{9A19103F-16F7-4668-BE54-9A1E7A4F7556}") = "73. Set Matrix Zeroes", "73. Set Matrix Zeroes\73. Set Matrix Zeroes.csproj", "{BFA691E1-DD98-4C94-B867-C5B2A43654F7}"
EndProject
Project("{2150E333-8FDC-42A3-9474-1A3956D46DE8}") = "101-200", "101-200", "{AABB11C5-F4CB-4F59-86E4-365FB470E0FF}"
EndProject
Project("{2150E333-8FDC-42A3-9474-1A3956D46DE8}") = "901-1000", "901-1000", "{619CEF17-D24F-4BE0-80B6-CF082B70A0F3}"
EndProject
Project("{9A19103F-16F7-4668-BE54-9A1E7A4F7556}") = "76. Minimum Window Substring", "76. Minimum Window Substring\76. Minimum Window Substring.csproj", "{964363F8-9597-4FB5-80EC-AD33C0A14561}"
EndProject
Project("{2150E333-8FDC-42A3-9474-1A3956D46DE8}") = "301-400", "301-400", "{8E46E156-84F9-491D-B67C-A1B0EC8A05E9}"
EndProject
Project("{9A19103F-16F7-4668-BE54-9A1E7A4F7556}") = "303. Range Sum Query - Immutable", "303. Range Sum Query - Immutable\303. Range Sum Query - Immutable.csproj", "{C002B5DF-837C-4C76-A0CF-BEF392954FFD}"
EndProject
Project("{2150E333-8FDC-42A3-9474-1A3956D46DE8}") = "1401-1500", "1401-1500", "{2D924BCF-9454-4D6B-8A13-84B5B16A2EF6}"
EndProject
Project("{9A19103F-16F7-4668-BE54-9A1E7A4F7556}") = "1448. Count Good Nodes in Binary Tree", "1448. Count Good Nodes in Binary Tree\1448. Count Good Nodes in Binary Tree.csproj", "{C5FDF418-9277-4A38-AD90-E7A2D697E9B1}"
EndProject
Project("{2150E333-8FDC-42A3-9474-1A3956D46DE8}") = "801-900", "801-900", "{833C4341-4C10-4BAE-A1B4-600592CD4D5C}"
EndProject
Project("{9A19103F-16F7-4668-BE54-9A1E7A4F7556}") = "850. Rectangle Area II", "850. Rectangle Area II\850. Rectangle Area II.csproj", "{D7601328-F4AF-45A6-96F6-CAAB2F895B21}"
EndProject
Project("{2150E333-8FDC-42A3-9474-1A3956D46DE8}") = "601-700", "601-700", "{593B7CA2-78A2-41AC-84DA-C7A6F5A51CFC}"
EndProject
Project("{9A19103F-16F7-4668-BE54-9A1E7A4F7556}") = "653. Two Sum IV - Input is a BST", "653. Two Sum IV - Input is a BST\653. Two Sum IV - Input is a BST.csproj", "{E7A00BA3-F6F4-4B5E-B813-A28B524B52D2}"
EndProject
Project("{9A19103F-16F7-4668-BE54-9A1E7A4F7556}") = "633. Sum of Square Numbers", "633. Sum of Square Numbers\633. Sum of Square Numbers.csproj", "{62E3392C-2CD4-4AA6-A76B-89ECD8E237C5}"
EndProject
Project("{9A19103F-16F7-4668-BE54-9A1E7A4F7556}") = "115. Distinct Subsequences", "115. Distinct Subsequences\115. Distinct Subsequences.csproj", "{DCB567B8-160F-428A-BC4B-A81189F6393E}"
EndProject
Project("{2150E333-8FDC-42A3-9474-1A3956D46DE8}") = "1301-1399", "1301-1399", "{8CB5F735-C087-423E-B8B2-E3158071BF23}"
EndProject
Project("{9A19103F-16F7-4668-BE54-9A1E7A4F7556}") = "1328. Break a Palindrome", "1328. Break a Palindrome\1328. Break a Palindrome.csproj", "{0D9759C0-2337-48D3-B83C-A31F279D1538}"
EndProject
Project("{2150E333-8FDC-42A3-9474-1A3956D46DE8}") = "401-500", "401-500", "{683371DC-B59B-4194-8B85-0FB2B0D88203}"
EndProject
Project("{9A19103F-16F7-4668-BE54-9A1E7A4F7556}") = "463. Island Perimeter", "463. Island Perimeter\463. Island Perimeter.csproj", "{8482AE15-22C3-44BE-9745-C32951B29385}"
EndProject
Project("{9A19103F-16F7-4668-BE54-9A1E7A4F7556}") = "442. Find All Duplicates in an Array", "442. Find All Duplicates in an Array\442. Find All Duplicates in an Array.csproj", "{6BD7C4B9-F641-4CC0-9EAE-6E78C6FDE5B2}"
EndProject
Project("{2150E333-8FDC-42A3-9474-1A3956D46DE8}") = "701-800", "701-800", "{267BE0D3-9F7E-44D1-B961-4149AA9A72C3}"
EndProject
Project("{9A19103F-16F7-4668-BE54-9A1E7A4F7556}") = "704. Binary Search", "704. Binary Search\704. Binary Search.csproj", "{95A5C0C1-39C8-443F-9192-CA8321F4DC94}"
EndProject
Project("{9A19103F-16F7-4668-BE54-9A1E7A4F7556}") = "79. Word Search", "79. Word Search\79. Word Search.csproj", "{D88E8C30-44FB-4AE5-A293-2D724DABAAE2}"
EndProject
Project("{2150E333-8FDC-42A3-9474-1A3956D46DE8}") = "201-300", "201-300", "{3B5605D4-5DAB-4635-BBF6-75D1DDFC24C3}"
EndProject
Project("{9A19103F-16F7-4668-BE54-9A1E7A4F7556}") = "208. Implement Trie (Prefix Tree)", "208. Implement Trie (Prefix Tree)\208. Implement Trie (Prefix Tree).csproj", "{0D00A273-2FFC-43CE-9AC8-D8F41C468697}"
EndProject
Project("{2150E333-8FDC-42A3-9474-1A3956D46DE8}") = "501-600", "501-600", "{AE515356-34DB-4395-8277-D0CB9799A433}"
EndProject
Project("{9A19103F-16F7-4668-BE54-9A1E7A4F7556}") = "543. Diameter of Binary Tree", "543. Diameter of Binary Tree\543. Diameter of Binary Tree.csproj", "{0C9C12A7-949C-414C-B54C-E1FFD37E5780}"
EndProject
Project("{9A19103F-16F7-4668-BE54-9A1E7A4F7556}") = "374. Guess Number Higher or Lower", "374. Guess Number Higher or Lower\374. Guess Number Higher or Lower.csproj", "{E2E62C19-4FA0-4ED4-B5DD-E4B5A4564FD8}"
EndProject
Project("{2150E333-8FDC-42A3-9474-1A3956D46DE8}") = "1001-1100", "1001-1100", "{A4C8B8FC-7A0E-430F-9DAD-3B60E5BF2A28}"
EndProject
Project("{9A19103F-16F7-4668-BE54-9A1E7A4F7556}") = "1008. Construct Binary Search Tree from Preorder Traversal", "1008. Construct Binary Search Tree from Preorder Traversal\1008. Construct Binary Search Tree from Preorder Traversal.csproj", "{785D7897-C054-4C90-9C76-18266E7CE40F}"
EndProject
Project("{9A19103F-16F7-4668-BE54-9A1E7A4F7556}") = "279. Perfect Squares", "279. Perfect Squares\279. Perfect Squares.csproj", "{FC2F0C72-7966-4D63-B5F5-C9FDEA61D879}"
EndProject
Project("{9A19103F-16F7-4668-BE54-9A1E7A4F7556}") = "309. Best Time to Buy and Sell Stock with Cooldown", "309. Best Time to Buy and Sell Stock with Cooldown\309. Best Time to Buy and Sell Stock with Cooldown.csproj", "{5F0C4E5C-82D6-46D0-BF54-3DDE8EF8463B}"
EndProject
Project("{9A19103F-16F7-4668-BE54-9A1E7A4F7556}") = "993. Cousins in Binary Tree", "993. Cousins in Binary Tree\993. Cousins in Binary Tree.csproj", "{237AA855-E8D6-4C5A-A741-E33996B51B1B}"
EndProject
Project("{9A19103F-16F7-4668-BE54-9A1E7A4F7556}") = "496. Next Greater Element I", "496. Next Greater Element I\496. Next Greater Element I.csproj", "{D5FBC979-7931-4D08-A510-6A2985B1943E}"
EndProject
Project("{9A19103F-16F7-4668-BE54-9A1E7A4F7556}") = "151. Reverse Words in a String", "151. Reverse Words in a String\151. Reverse Words in a String.csproj", "{0E4FD624-6C6A-43F7-8825-1D61FD15152B}"
EndProject
Project("{9A19103F-16F7-4668-BE54-9A1E7A4F7556}") = "380. Insert Delete GetRandom O(1)", "380. Insert Delete GetRandom O(1)\380. Insert Delete GetRandom O(1).csproj", "{898D6908-CF89-40CE-8C29-5CE0A7159C2B}"
EndProject
Project("{9A19103F-16F7-4668-BE54-9A1E7A4F7556}") = "451. Sort Characters By Frequency", "451. Sort Characters By Frequency\451. Sort Characters By Frequency.csproj", "{D98D50FF-E5FA-4872-BA59-1D4757B3F5AA}"
EndProject
Project("{9A19103F-16F7-4668-BE54-9A1E7A4F7556}") = "154. Find Minimum in Rotated Sorted Array II", "154. Find Minimum in Rotated Sorted Array II\154. Find Minimum in Rotated Sorted Array II.csproj", "{AFE1E372-28C2-4464-817D-8A0B8125F086}"
EndProject
Project("{9A19103F-16F7-4668-BE54-9A1E7A4F7556}") = "222. Count Complete Tree Nodes", "222. Count Complete Tree Nodes\222. Count Complete Tree Nodes.csproj", "{C38C463E-F4D8-470F-839C-F32E6EF5BFF7}"
EndProject
Project("{9A19103F-16F7-4668-BE54-9A1E7A4F7556}") = "75. Sort Colors", "75. Sort Colors\75. Sort Colors.csproj", "{E6E933DD-AD5B-4262-8319-86A20B3E84F2}"
EndProject
Project("{9A19103F-16F7-4668-BE54-9A1E7A4F7556}") = "15. 3Sum", "15. 3Sum\15. 3Sum.csproj", "{A198AE0C-34B2-465D-8C0D-1109E226D61A}"
EndProject
Project("{9A19103F-16F7-4668-BE54-9A1E7A4F7556}") = "994. Rotting Oranges", "994. Rotting Oranges\994. Rotting Oranges.csproj", "{4DC03CAD-39BC-46FA-924D-408849443DCC}"
EndProject
Project("{9A19103F-16F7-4668-BE54-9A1E7A4F7556}") = "430. Flatten a Multilevel Doubly Linked List", "430. Flatten a Multilevel Doubly Linked List\430. Flatten a Multilevel Doubly Linked List.csproj", "{1DC874F6-1E6B-4AE0-98DE-24AF39CC0C5B}"
EndProject
Project("{9A19103F-16F7-4668-BE54-9A1E7A4F7556}") = "130. Surrounded Regions", "130. Surrounded Regions\130. Surrounded Regions.csproj", "{778FDDC2-7177-4A1D-AA75-5B12C06C2952}"
EndProject
Project("{9A19103F-16F7-4668-BE54-9A1E7A4F7556}") = "980. Unique Paths III", "980. Unique Paths III\980. Unique Paths III.csproj", "{529509E5-8897-4550-9D72-D35C6C2A9672}"
EndProject
Project("{9A19103F-16F7-4668-BE54-9A1E7A4F7556}") = "404. Sum of Left Leaves", "404. Sum of Left Leaves\404. Sum of Left Leaves.csproj", "{B3DB3FD3-E878-4236-9075-DF62DE77F67A}"
EndProject
Project("{9A19103F-16F7-4668-BE54-9A1E7A4F7556}") = "441. Arranging Coins", "441. Arranging Coins\441. Arranging Coins.csproj", "{23C94BA5-0F10-4CCB-ACD6-61139631EED2}"
EndProject
Project("{9A19103F-16F7-4668-BE54-9A1E7A4F7556}") = "260. Single Number III", "260. Single Number III\260. Single Number III.csproj", "{FE0FFB09-C1E1-418C-A76B-17F5FA57576E}"
EndProject
Project("{9A19103F-16F7-4668-BE54-9A1E7A4F7556}") = "43. Multiply Strings", "43. Multiply Strings\43. Multiply Strings.csproj", "{B96A472A-8F37-46C9-A581-528C62FA508A}"
EndProject
Project("{9A19103F-16F7-4668-BE54-9A1E7A4F7556}") = "96. Unique Binary Search Trees", "96. Unique Binary Search Trees\96. Unique Binary Search Trees.csproj", "{D87A2ECF-EEA2-4683-9C55-72D686A4429E}"
EndProject
Project("{2150E333-8FDC-42A3-9474-1A3956D46DE8}") = "1101-1200", "1101-1200", "{868AE0D7-022D-4BF2-9A73-EBF8C28AE45C}"
EndProject
Project("{9A19103F-16F7-4668-BE54-9A1E7A4F7556}") = "1178. Number of Valid Words for Each Puzzle", "1178. Number of Valid Words for Each Puzzle\1178. Number of Valid Words for Each Puzzle.csproj", "{C56974B6-25C2-4667-A368-A8290C17FFBE}"
EndProject
Project("{9A19103F-16F7-4668-BE54-9A1E7A4F7556}") = "122. Best Time to Buy and Sell Stock II", "122. Best Time to Buy and Sell Stock II\122. Best Time to Buy and Sell Stock II.csproj", "{00F631B9-DCDB-4961-A37F-83E79E68710D}"
EndProject
Project("{9A19103F-16F7-4668-BE54-9A1E7A4F7556}") = "1413. Minimum Value to Get Positive Step by Step Sum", "1413. Minimum Value to Get Positive Step by Step Sum\1413. Minimum Value to Get Positive Step by Step Sum.csproj", "{123B8E78-3A24-4E46-94C9-3D9D9F625868}"
EndProject
Project("{9A19103F-16F7-4668-BE54-9A1E7A4F7556}") = "217. Contains Duplicate", "217. Contains Duplicate\217. Contains Duplicate.csproj", "{A4F319C5-B401-4576-A22C-A42316138B61}"
EndProject
Project("{9A19103F-16F7-4668-BE54-9A1E7A4F7556}") = "53. Maximum Subarray", "53. Maximum Subarray\53. Maximum Subarray.csproj", "{3C8A5512-CD57-47EC-8E9F-A0F41D5AD2CC}"
EndProject
Project("{9A19103F-16F7-4668-BE54-9A1E7A4F7556}") = "203. Remove Linked List Elements", "203. Remove Linked List Elements\203. Remove Linked List Elements.csproj", "{5EA6AE9B-BBE6-4D2D-845F-83F3F4EB528B}"
EndProject
Project("{9A19103F-16F7-4668-BE54-9A1E7A4F7556}") = "739. Daily Temperatures", "739. Daily Temperatures\739. Daily Temperatures.csproj", "{3661FFE0-C1D9-47D2-B917-6D62C555DEF9}"
EndProject
Project("{9A19103F-16F7-4668-BE54-9A1E7A4F7556}") = "368. Largest Divisible Subset", "368. Largest Divisible Subset\368. Largest Divisible Subset.csproj", "{760FDF43-A0B3-48F0-9F03-832B6012307E}"
EndProject
Project("{9A19103F-16F7-4668-BE54-9A1E7A4F7556}") = "668. Kth Smallest Number in Multiplication Table", "668. Kth Smallest Number in Multiplication Table\668. Kth Smallest Number in Multiplication Table.csproj", "{EC918F52-171B-4A59-86C6-6968BF51B195}"
EndProject
Project("{9A19103F-16F7-4668-BE54-9A1E7A4F7556}") = "62. Unique Paths", "62. Unique Paths\62. Unique Paths.csproj", "{DAF99E1F-0D9F-43EC-8EBD-D0512176F3C2}"
EndProject
Project("{9A19103F-16F7-4668-BE54-9A1E7A4F7556}") = "448. Find All Numbers Disappeared in an Array", "448. Find All Numbers Disappeared in an Array\448. Find All Numbers Disappeared in an Array.csproj", "{4C34AEEF-FC72-41DD-9045-81EE1E1C7195}"
EndProject
Project("{9A19103F-16F7-4668-BE54-9A1E7A4F7556}") = "461. Hamming Distance", "461. Hamming Distance\461. Hamming Distance.csproj", "{8A5428B8-75B1-4567-82C9-4A21A949EA1A}"
EndProject
Project("{9A19103F-16F7-4668-BE54-9A1E7A4F7556}") = "450. Delete Node in a BST", "450. Delete Node in a BST\450. Delete Node in a BST.csproj", "{77D6C736-8EDC-40C9-8055-B82FD736370A}"
EndProject
Project("{9A19103F-16F7-4668-BE54-9A1E7A4F7556}") = "54. Spiral Matrix", "54. Spiral Matrix\54. Spiral Matrix.csproj", "{FCE5CDA1-06A2-4AB5-B7A1-33DB7888E907}"
EndProject
Project("{9A19103F-16F7-4668-BE54-9A1E7A4F7556}") = "35. Search Insert Position", "35. Search Insert Position\35. Search Insert Position.csproj", "{523FDA58-C4A2-49C9-809A-B2DF52A360FC}"
EndProject
Project("{9A19103F-16F7-4668-BE54-9A1E7A4F7556}") = "721. Accounts Merge", "721. Accounts Merge\721. Accounts Merge.csproj", "{88115204-BC01-48D3-8ECE-11BE6DBA1FA1}"
EndProject
Project("{2150E333-8FDC-42A3-9474-1A3956D46DE8}") = "1201-1300", "1201-1300", "{4B2F783D-D273-40EE-9065-6FFEE0806571}"
EndProject
Project("{9A19103F-16F7-4668-BE54-9A1E7A4F7556}") = "1217. Minimum Cost to Move Chips to The Same Position", "1217. Minimum Cost to Move Chips to The Same Position\1217. Minimum Cost to Move Chips to The Same Position.csproj", "{B1ABA4D7-BE29-469E-A04E-E01F3055C68D}"
EndProject
Project("{9A19103F-16F7-4668-BE54-9A1E7A4F7556}") = "1200. Minimum Absolute Difference", "1200. Minimum Absolute Difference\1200. Minimum Absolute Difference.csproj", "{F8AE44D5-E357-4E36-B185-18CEFE19F815}"
EndProject
Project("{9A19103F-16F7-4668-BE54-9A1E7A4F7556}") = "231. Power of Two", "231. Power of Two\231. Power of Two.csproj", "{D8167782-2A05-468F-9542-F9039921BC06}"
EndProject
Project("{9A19103F-16F7-4668-BE54-9A1E7A4F7556}") = "227. Basic Calculator II", "227. Basic Calculator II\227. Basic Calculator II.csproj", "{CB21E12D-F989-40A1-AFF0-42F460553A5D}"
EndProject
Project("{9A19103F-16F7-4668-BE54-9A1E7A4F7556}") = "1015. Smallest Integer Divisible by K", "1015. Smallest Integer Divisible by K\1015. Smallest Integer Divisible by K.csproj", "{448E4CC2-D3F2-4B76-B6BE-5402BDEC7A00}"
EndProject
Project("{9A19103F-16F7-4668-BE54-9A1E7A4F7556}") = "997. Find the Town Judge", "997. Find the Town Judge\997. Find the Town Judge.csproj", "{6D9B6254-DEF4-4968-9241-4BFCA30887E4}"
EndProject
Project("{9A19103F-16F7-4668-BE54-9A1E7A4F7556}") = "1009. Complement of Base 10 Integer", "1009. Complement of Base 10 Integer\1009. Complement of Base 10 Integer.csproj", "{AAD7E842-C8A2-440C-9064-E60274AFB166}"
EndProject
Project("{2150E333-8FDC-42A3-9474-1A3956D46DE8}") = "1901-2000", "1901-2000", "{E61063A2-6093-4493-86C2-3362EB73A930}"
EndProject
Project("{9A19103F-16F7-4668-BE54-9A1E7A4F7556}") = "1929. Concatenation of Array", "1929. Concatenation of Array\1929. Concatenation of Array.csproj", "{9EB6D85B-7E97-41E2-863C-3F5DF0139F38}"
EndProject
Project("{9A19103F-16F7-4668-BE54-9A1E7A4F7556}") = "1920. Build Array from Permutation", "1920. Build Array from Permutation\1920. Build Array from Permutation.csproj", "{F880BF27-7999-4817-B887-65BA3A2D8017}"
EndProject
Project("{9A19103F-16F7-4668-BE54-9A1E7A4F7556}") = "1094. Car Pooling", "1094. Car Pooling\1094. Car Pooling.csproj", "{E7362049-2D08-4B3E-A736-FBC3062AAC26}"
EndProject
Project("{9A19103F-16F7-4668-BE54-9A1E7A4F7556}") = "382. Linked List Random Node", "382. Linked List Random Node\382. Linked List Random Node.csproj", "{D933CE6E-1C3F-482C-A726-34BD77E18AE0}"
EndProject
Project("{9A19103F-16F7-4668-BE54-9A1E7A4F7556}") = "67. Add Binary", "67. Add Binary\67. Add Binary.csproj", "{02E70624-95DF-4A28-A786-55FCDD69ED6D}"
EndProject
Project("{9A19103F-16F7-4668-BE54-9A1E7A4F7556}") = "1022. Sum of Root To Leaf Binary Numbers", "1022. Sum of Root To Leaf Binary Numbers\1022. Sum of Root To Leaf Binary Numbers.csproj", "{1F951A80-36B0-438C-8E25-845B1DBBF3BB}"
EndProject
Project("{9A19103F-16F7-4668-BE54-9A1E7A4F7556}") = "18. 4Sum", "18. 4Sum\18. 4Sum.csproj", "{4925A896-E032-4914-822F-61FDDA6D3312}"
EndProject
Project("{9A19103F-16F7-4668-BE54-9A1E7A4F7556}") = "875. Koko Eating Bananas", "875. Koko Eating Bananas\875. Koko Eating Bananas.csproj", "{61662C69-53B4-4F87-BA1E-3F9EF1C7EF08}"
EndProject
Project("{9A19103F-16F7-4668-BE54-9A1E7A4F7556}") = "520. Detect Capital", "520. Detect Capital\520. Detect Capital.csproj", "{D9C451B3-1C69-4AD0-A6B2-6EB6E1AC8440}"
EndProject
Project("{9A19103F-16F7-4668-BE54-9A1E7A4F7556}") = "20. Valid Parentheses", "20. Valid Parentheses\20. Valid Parentheses.csproj", "{4F3C1C7D-969E-4702-B636-83790C8F146C}"
EndProject
Project("{9A19103F-16F7-4668-BE54-9A1E7A4F7556}") = "389. Find the Difference", "389. Find the Difference\389. Find the Difference.csproj", "{2272371E-1A84-4ACA-BCEC-82991B1A7A1C}"
EndProject
Project("{9A19103F-16F7-4668-BE54-9A1E7A4F7556}") = "258. Add Digits", "258. Add Digits\258. Add Digits.csproj", "{253967C5-3B4D-4195-8A50-0036910734CD}"
EndProject
Project("{9A19103F-16F7-4668-BE54-9A1E7A4F7556}") = "532. K-diff Pairs in an Array", "532. K-diff Pairs in an Array\532. K-diff Pairs in an Array.csproj", "{DD9A07A5-D1F2-48FC-8E9C-EE7E99D72184}"
EndProject
Project("{9A19103F-16F7-4668-BE54-9A1E7A4F7556}") = "560. Subarray Sum Equals K", "560. Subarray Sum Equals K\560. Subarray Sum Equals K.csproj", "{6B3525E2-A2AE-432D-B8CA-D7B5AC06E6F5}"
EndProject
Project("{9A19103F-16F7-4668-BE54-9A1E7A4F7556}") = "567. Permutation in String", "567. Permutation in String\567. Permutation in String.csproj", "{9A110D7E-68DB-462B-AE0A-5C7A20830F7B}"
EndProject
Project("{9A19103F-16F7-4668-BE54-9A1E7A4F7556}") = "104. Maximum Depth of Binary Tree", "104. Maximum Depth of Binary Tree\104. Maximum Depth of Binary Tree.csproj", "{479A97B5-6E8E-45A7-8547-A4EC45130887}"
EndProject
Project("{9A19103F-16F7-4668-BE54-9A1E7A4F7556}") = "136. Single Number", "136. Single Number\136. Single Number.csproj", "{8F08C221-9887-434E-B941-4A3FBD48C82C}"
EndProject
Project("{9A19103F-16F7-4668-BE54-9A1E7A4F7556}") = "228. Summary Ranges", "228. Summary Ranges\228. Summary Ranges.csproj", "{E5041771-88E2-452F-AAAE-A13CAE577C8A}"
EndProject
Project("{9A19103F-16F7-4668-BE54-9A1E7A4F7556}") = "338. Counting Bits", "338. Counting Bits\338. Counting Bits.csproj", "{3FB5129D-318A-47C6-BC58-AC1ED30B153E}"
EndProject
Project("{9A19103F-16F7-4668-BE54-9A1E7A4F7556}") = "392. Is Subsequence", "392. Is Subsequence\392. Is Subsequence.csproj", "{55D59444-1F60-4A77-8E30-2B3A7DC4E995}"
EndProject
Project("{9A19103F-16F7-4668-BE54-9A1E7A4F7556}") = "799. Champagne Tower", "799. Champagne Tower\799. Champagne Tower.csproj", "{4B849AF8-265C-42D6-9A91-FEB96B834206}"
EndProject
Project("{9A19103F-16F7-4668-BE54-9A1E7A4F7556}") = "21. Merge Two Sorted Lists", "21. Merge Two Sorted Lists\21. Merge Two Sorted Lists.csproj", "{81570FF7-5BD1-457A-82AD-37DB3EC6630C}"
EndProject
Project("{9A19103F-16F7-4668-BE54-9A1E7A4F7556}") = "141. Linked List Cycle", "141. Linked List Cycle\141. Linked List Cycle.csproj", "{7673A8D8-6099-438B-896A-6FA31079D39D}"
EndProject
Project("{9A19103F-16F7-4668-BE54-9A1E7A4F7556}") = "82. Remove Duplicates from Sorted List II", "82. Remove Duplicates from Sorted List II\82. Remove Duplicates from Sorted List II.csproj", "{A208EDF6-13E9-411C-9A95-C6202BB234F2}"
EndProject
Project("{9A19103F-16F7-4668-BE54-9A1E7A4F7556}") = "61. Rotate List", "61. Rotate List\61. Rotate List.csproj", "{2630F897-579D-4A91-943D-0B892CB09398}"
EndProject
Project("{9A19103F-16F7-4668-BE54-9A1E7A4F7556}") = "71. Simplify Path", "71. Simplify Path\71. Simplify Path.csproj", "{1BF5724A-A8EF-486C-B01D-F53412E72D27}"
EndProject
Project("{9A19103F-16F7-4668-BE54-9A1E7A4F7556}") = "946. Validate Stack Sequences", "946. Validate Stack Sequences\946. Validate Stack Sequences.csproj", "{6CB6F33D-FA92-49DA-B2B8-79AC502DE521}"
EndProject
Project("{9A19103F-16F7-4668-BE54-9A1E7A4F7556}") = "763. Partition Labels", "763. Partition Labels\763. Partition Labels.csproj", "{524A35FE-F786-46A4-994D-9D014FE6483D}"
EndProject
Project("{2150E333-8FDC-42A3-9474-1A3956D46DE8}") = "1601-1700", "1601-1700", "{258BC13A-10F5-4D45-BFC1-DC1C93B851CB}"
EndProject
Project("{9A19103F-16F7-4668-BE54-9A1E7A4F7556}") = "1663. Smallest String With A Given Numeric Value", "1663. Smallest String With A Given Numeric Value\1663. Smallest String With A Given Numeric Value.csproj", "{D2AD9D09-DFB8-45B2-90C2-E1F8AC139C6C}"
EndProject
Project("{9A19103F-16F7-4668-BE54-9A1E7A4F7556}") = "81. Search in Rotated Sorted Array II", "81. Search in Rotated Sorted Array II\81. Search in Rotated Sorted Array II.csproj", "{15A40A2D-A563-4BA4-8A1E-B1569E7816B1}"
EndProject
Project("{9A19103F-16F7-4668-BE54-9A1E7A4F7556}") = "287. Find the Duplicate Number", "287. Find the Duplicate Number\287. Find the Duplicate Number.csproj", "{BF27F06D-4047-4BB9-B281-4E276B8E8208}"
EndProject
Project("{2150E333-8FDC-42A3-9474-1A3956D46DE8}") = "1701-1800", "1701-1800", "{D445ABCD-0A45-4074-BF16-FC1B31CCBA0C}"
EndProject
Project("{9A19103F-16F7-4668-BE54-9A1E7A4F7556}") = "1721. Swapping Nodes in a Linked List", "1721. Swapping Nodes in a Linked List\1721. Swapping Nodes in a Linked List.csproj", "{424AB240-26B5-4943-B012-98E1B5C82BBD}"
EndProject
Project("{9A19103F-16F7-4668-BE54-9A1E7A4F7556}") = "1260. Shift 2D Grid", "1260. Shift 2D Grid\1260. Shift 2D Grid.csproj", "{FBC1B7BC-718B-415A-B065-3615005F1E2D}"
EndProject
Project("{9A19103F-16F7-4668-BE54-9A1E7A4F7556}") = "230. Kth Smallest Element in a BST", "230. Kth Smallest Element in a BST\230. Kth Smallest Element in a BST.csproj", "{8757A189-0947-4AA5-B1C3-8804D1358602}"
EndProject
Project("{9A19103F-16F7-4668-BE54-9A1E7A4F7556}") = "705. Design HashSet", "705. Design HashSet\705. Design HashSet.csproj", "{1F10AF98-3D5C-4574-9EB7-4472909D9593}"
EndProject
Project("{9A19103F-16F7-4668-BE54-9A1E7A4F7556}") = "706. Design HashMap", "706. Design HashMap\706. Design HashMap.csproj", "{1951A43A-5345-4CBA-8CAE-865FA655AA4B}"
EndProject
Project("{9A19103F-16F7-4668-BE54-9A1E7A4F7556}") = "284. Peeking Iterator", "284. Peeking Iterator\284. Peeking Iterator.csproj", "{6A87AC40-A8EF-4150-9C2F-BF34691D7E2B}"
EndProject
Project("{9A19103F-16F7-4668-BE54-9A1E7A4F7556}") = "225. Implement Stack using Queues", "225. Implement Stack using Queues\225. Implement Stack using Queues.csproj", "{11C4E5B1-3BBF-41BB-9DC2-D100C35E85E6}"
EndProject
Project("{9A19103F-16F7-4668-BE54-9A1E7A4F7556}") = "17. Letter Combinations of a Phone Number", "17. Letter Combinations of a Phone Number\17. Letter Combinations of a Phone Number.csproj", "{701562C8-85BE-4B3B-853F-A66E2F69E8E0}"
EndProject
Project("{9A19103F-16F7-4668-BE54-9A1E7A4F7556}") = "1379. Find a Corresponding Node of a Binary Tree in a Clone of That Tree", "1379. Find a Corresponding Node of a Binary Tree in a Clone of That Tree\1379. Find a Corresponding Node of a Binary Tree in a Clone of That Tree.csproj", "{EC62AB37-00EE-419F-82EF-FA395AF4E502}"
EndProject
Project("{9A19103F-16F7-4668-BE54-9A1E7A4F7556}") = "474. Ones and Zeroes", "474. Ones and Zeroes\474. Ones and Zeroes.csproj", "{0132872B-85CC-490D-8798-1EEE9B055118}"
EndProject
Project("{9A19103F-16F7-4668-BE54-9A1E7A4F7556}") = "29. Divide Two Integers", "29. Divide Two Integers\29. Divide Two Integers.csproj", "{79677DA0-571C-43B2-A30F-4E8FB3534EBD}"
EndProject
Project("{9A19103F-16F7-4668-BE54-9A1E7A4F7556}") = "88. Merge Sorted Array", "88. Merge Sorted Array\88. Merge Sorted Array.csproj", "{FCEC1367-4F45-480B-85D8-776892A5A609}"
EndProject
Project("{9A19103F-16F7-4668-BE54-9A1E7A4F7556}") = "135. Candy", "135. Candy\135. Candy.csproj", "{0165BF53-9A93-493B-8B22-7FA316F6C9C1}"
EndProject
Project("{9A19103F-16F7-4668-BE54-9A1E7A4F7556}") = "378. Kth Smallest Element in a Sorted Matrix", "378. Kth Smallest Element in a Sorted Matrix\378. Kth Smallest Element in a Sorted Matrix.csproj", "{C705F8D4-CD62-4313-AF46-2203D23AE303}"
EndProject
Project("{9A19103F-16F7-4668-BE54-9A1E7A4F7556}") = "658. Find K Closest Elements", "658. Find K Closest Elements\658. Find K Closest Elements.csproj", "{F1719DD7-B2FF-4E65-8EAA-23395ECA0B75}"
EndProject
Project("{9A19103F-16F7-4668-BE54-9A1E7A4F7556}") = "1704. Determine if String Halves Are Alike", "1704. Determine if String Halves Are Alike\1704. Determine if String Halves Are Alike.csproj", "{5E6BF26E-E9DD-4AFC-BE2F-27F9D266FCF9}"
EndProject
Project("{2150E333-8FDC-42A3-9474-1A3956D46DE8}") = "2201-2300", "2201-2300", "{992256D8-AE47-4D4F-8745-8530576F8B66}"
EndProject
Project("{9A19103F-16F7-4668-BE54-9A1E7A4F7556}") = "2256. Minimum Average Difference", "2256. Minimum Average Difference\2256. Minimum Average Difference.csproj", "{EF269DB4-20E5-4C36-A0AF-B9CCF039CAE6}"
EndProject
Project("{9A19103F-16F7-4668-BE54-9A1E7A4F7556}") = "876. Middle of the Linked List", "876. Middle of the Linked List\876. Middle of the Linked List.csproj", "{97CE6C61-F440-429D-8C07-B25593398A41}"
EndProject
Project("{FAE04EC0-301F-11D3-BF4B-00C04F79EFBC}") = "328. Odd Even Linked List", "328. Odd Even Linked List\328. Odd Even Linked List.csproj", "{54D54D67-10EB-40AA-9298-36F851AFD070}"
EndProject
Global
	GlobalSection(SolutionConfigurationPlatforms) = preSolution
		Debug|Any CPU = Debug|Any CPU
		Release|Any CPU = Release|Any CPU
	EndGlobalSection
	GlobalSection(ProjectConfigurationPlatforms) = postSolution
		{11B859BD-8296-44EF-AC77-F27651037337}.Debug|Any CPU.ActiveCfg = Debug|Any CPU
		{11B859BD-8296-44EF-AC77-F27651037337}.Debug|Any CPU.Build.0 = Debug|Any CPU
		{11B859BD-8296-44EF-AC77-F27651037337}.Release|Any CPU.ActiveCfg = Release|Any CPU
		{11B859BD-8296-44EF-AC77-F27651037337}.Release|Any CPU.Build.0 = Release|Any CPU
		{909645DE-4CEB-4EC4-B8D0-143476BCD09D}.Debug|Any CPU.ActiveCfg = Debug|Any CPU
		{909645DE-4CEB-4EC4-B8D0-143476BCD09D}.Debug|Any CPU.Build.0 = Debug|Any CPU
		{909645DE-4CEB-4EC4-B8D0-143476BCD09D}.Release|Any CPU.ActiveCfg = Release|Any CPU
		{909645DE-4CEB-4EC4-B8D0-143476BCD09D}.Release|Any CPU.Build.0 = Release|Any CPU
		{ECAA7976-C9A4-42E9-9E59-43F84E63248C}.Debug|Any CPU.ActiveCfg = Debug|Any CPU
		{ECAA7976-C9A4-42E9-9E59-43F84E63248C}.Debug|Any CPU.Build.0 = Debug|Any CPU
		{ECAA7976-C9A4-42E9-9E59-43F84E63248C}.Release|Any CPU.ActiveCfg = Release|Any CPU
		{ECAA7976-C9A4-42E9-9E59-43F84E63248C}.Release|Any CPU.Build.0 = Release|Any CPU
		{671EF444-4CF2-4EC0-A43A-1D29D0ABD7B1}.Debug|Any CPU.ActiveCfg = Debug|Any CPU
		{671EF444-4CF2-4EC0-A43A-1D29D0ABD7B1}.Debug|Any CPU.Build.0 = Debug|Any CPU
		{671EF444-4CF2-4EC0-A43A-1D29D0ABD7B1}.Release|Any CPU.ActiveCfg = Release|Any CPU
		{671EF444-4CF2-4EC0-A43A-1D29D0ABD7B1}.Release|Any CPU.Build.0 = Release|Any CPU
		{5B2016D5-D776-439E-8A7D-8C6DF9F14BDB}.Debug|Any CPU.ActiveCfg = Debug|Any CPU
		{5B2016D5-D776-439E-8A7D-8C6DF9F14BDB}.Debug|Any CPU.Build.0 = Debug|Any CPU
		{5B2016D5-D776-439E-8A7D-8C6DF9F14BDB}.Release|Any CPU.ActiveCfg = Release|Any CPU
		{5B2016D5-D776-439E-8A7D-8C6DF9F14BDB}.Release|Any CPU.Build.0 = Release|Any CPU
		{204795B0-4FA9-47D9-8FE4-ECFA0380EC17}.Debug|Any CPU.ActiveCfg = Debug|Any CPU
		{204795B0-4FA9-47D9-8FE4-ECFA0380EC17}.Debug|Any CPU.Build.0 = Debug|Any CPU
		{204795B0-4FA9-47D9-8FE4-ECFA0380EC17}.Release|Any CPU.ActiveCfg = Release|Any CPU
		{204795B0-4FA9-47D9-8FE4-ECFA0380EC17}.Release|Any CPU.Build.0 = Release|Any CPU
		{E7D2206D-F868-4C18-84D2-6AC052C73139}.Debug|Any CPU.ActiveCfg = Debug|Any CPU
		{E7D2206D-F868-4C18-84D2-6AC052C73139}.Debug|Any CPU.Build.0 = Debug|Any CPU
		{E7D2206D-F868-4C18-84D2-6AC052C73139}.Release|Any CPU.ActiveCfg = Release|Any CPU
		{E7D2206D-F868-4C18-84D2-6AC052C73139}.Release|Any CPU.Build.0 = Release|Any CPU
		{7A7BB24A-F3C1-45F8-AA45-5864CF566659}.Debug|Any CPU.ActiveCfg = Debug|Any CPU
		{7A7BB24A-F3C1-45F8-AA45-5864CF566659}.Debug|Any CPU.Build.0 = Debug|Any CPU
		{7A7BB24A-F3C1-45F8-AA45-5864CF566659}.Release|Any CPU.ActiveCfg = Release|Any CPU
		{7A7BB24A-F3C1-45F8-AA45-5864CF566659}.Release|Any CPU.Build.0 = Release|Any CPU
		{6A72EE5B-38A7-4BFA-8773-B3979A5B8F6A}.Debug|Any CPU.ActiveCfg = Debug|Any CPU
		{6A72EE5B-38A7-4BFA-8773-B3979A5B8F6A}.Debug|Any CPU.Build.0 = Debug|Any CPU
		{6A72EE5B-38A7-4BFA-8773-B3979A5B8F6A}.Release|Any CPU.ActiveCfg = Release|Any CPU
		{6A72EE5B-38A7-4BFA-8773-B3979A5B8F6A}.Release|Any CPU.Build.0 = Release|Any CPU
		{D8CED46B-10F6-4B34-A5AF-3EEC7074B478}.Debug|Any CPU.ActiveCfg = Debug|Any CPU
		{D8CED46B-10F6-4B34-A5AF-3EEC7074B478}.Debug|Any CPU.Build.0 = Debug|Any CPU
		{D8CED46B-10F6-4B34-A5AF-3EEC7074B478}.Release|Any CPU.ActiveCfg = Release|Any CPU
		{D8CED46B-10F6-4B34-A5AF-3EEC7074B478}.Release|Any CPU.Build.0 = Release|Any CPU
		{4D421063-B165-44F1-98A2-87EADB446C04}.Debug|Any CPU.ActiveCfg = Debug|Any CPU
		{4D421063-B165-44F1-98A2-87EADB446C04}.Debug|Any CPU.Build.0 = Debug|Any CPU
		{4D421063-B165-44F1-98A2-87EADB446C04}.Release|Any CPU.ActiveCfg = Release|Any CPU
		{4D421063-B165-44F1-98A2-87EADB446C04}.Release|Any CPU.Build.0 = Release|Any CPU
		{13497477-3F0E-434E-AEFC-C54092E8A0E5}.Debug|Any CPU.ActiveCfg = Debug|Any CPU
		{13497477-3F0E-434E-AEFC-C54092E8A0E5}.Debug|Any CPU.Build.0 = Debug|Any CPU
		{13497477-3F0E-434E-AEFC-C54092E8A0E5}.Release|Any CPU.ActiveCfg = Release|Any CPU
		{13497477-3F0E-434E-AEFC-C54092E8A0E5}.Release|Any CPU.Build.0 = Release|Any CPU
		{BFA691E1-DD98-4C94-B867-C5B2A43654F7}.Debug|Any CPU.ActiveCfg = Debug|Any CPU
		{BFA691E1-DD98-4C94-B867-C5B2A43654F7}.Debug|Any CPU.Build.0 = Debug|Any CPU
		{BFA691E1-DD98-4C94-B867-C5B2A43654F7}.Release|Any CPU.ActiveCfg = Release|Any CPU
		{BFA691E1-DD98-4C94-B867-C5B2A43654F7}.Release|Any CPU.Build.0 = Release|Any CPU
		{964363F8-9597-4FB5-80EC-AD33C0A14561}.Debug|Any CPU.ActiveCfg = Debug|Any CPU
		{964363F8-9597-4FB5-80EC-AD33C0A14561}.Debug|Any CPU.Build.0 = Debug|Any CPU
		{964363F8-9597-4FB5-80EC-AD33C0A14561}.Release|Any CPU.ActiveCfg = Release|Any CPU
		{964363F8-9597-4FB5-80EC-AD33C0A14561}.Release|Any CPU.Build.0 = Release|Any CPU
		{C002B5DF-837C-4C76-A0CF-BEF392954FFD}.Debug|Any CPU.ActiveCfg = Debug|Any CPU
		{C002B5DF-837C-4C76-A0CF-BEF392954FFD}.Debug|Any CPU.Build.0 = Debug|Any CPU
		{C002B5DF-837C-4C76-A0CF-BEF392954FFD}.Release|Any CPU.ActiveCfg = Release|Any CPU
		{C002B5DF-837C-4C76-A0CF-BEF392954FFD}.Release|Any CPU.Build.0 = Release|Any CPU
		{C5FDF418-9277-4A38-AD90-E7A2D697E9B1}.Debug|Any CPU.ActiveCfg = Debug|Any CPU
		{C5FDF418-9277-4A38-AD90-E7A2D697E9B1}.Debug|Any CPU.Build.0 = Debug|Any CPU
		{C5FDF418-9277-4A38-AD90-E7A2D697E9B1}.Release|Any CPU.ActiveCfg = Release|Any CPU
		{C5FDF418-9277-4A38-AD90-E7A2D697E9B1}.Release|Any CPU.Build.0 = Release|Any CPU
		{D7601328-F4AF-45A6-96F6-CAAB2F895B21}.Debug|Any CPU.ActiveCfg = Debug|Any CPU
		{D7601328-F4AF-45A6-96F6-CAAB2F895B21}.Debug|Any CPU.Build.0 = Debug|Any CPU
		{D7601328-F4AF-45A6-96F6-CAAB2F895B21}.Release|Any CPU.ActiveCfg = Release|Any CPU
		{D7601328-F4AF-45A6-96F6-CAAB2F895B21}.Release|Any CPU.Build.0 = Release|Any CPU
		{E7A00BA3-F6F4-4B5E-B813-A28B524B52D2}.Debug|Any CPU.ActiveCfg = Debug|Any CPU
		{E7A00BA3-F6F4-4B5E-B813-A28B524B52D2}.Debug|Any CPU.Build.0 = Debug|Any CPU
		{E7A00BA3-F6F4-4B5E-B813-A28B524B52D2}.Release|Any CPU.ActiveCfg = Release|Any CPU
		{E7A00BA3-F6F4-4B5E-B813-A28B524B52D2}.Release|Any CPU.Build.0 = Release|Any CPU
		{62E3392C-2CD4-4AA6-A76B-89ECD8E237C5}.Debug|Any CPU.ActiveCfg = Debug|Any CPU
		{62E3392C-2CD4-4AA6-A76B-89ECD8E237C5}.Debug|Any CPU.Build.0 = Debug|Any CPU
		{62E3392C-2CD4-4AA6-A76B-89ECD8E237C5}.Release|Any CPU.ActiveCfg = Release|Any CPU
		{62E3392C-2CD4-4AA6-A76B-89ECD8E237C5}.Release|Any CPU.Build.0 = Release|Any CPU
		{DCB567B8-160F-428A-BC4B-A81189F6393E}.Debug|Any CPU.ActiveCfg = Debug|Any CPU
		{DCB567B8-160F-428A-BC4B-A81189F6393E}.Debug|Any CPU.Build.0 = Debug|Any CPU
		{DCB567B8-160F-428A-BC4B-A81189F6393E}.Release|Any CPU.ActiveCfg = Release|Any CPU
		{DCB567B8-160F-428A-BC4B-A81189F6393E}.Release|Any CPU.Build.0 = Release|Any CPU
		{0D9759C0-2337-48D3-B83C-A31F279D1538}.Debug|Any CPU.ActiveCfg = Debug|Any CPU
		{0D9759C0-2337-48D3-B83C-A31F279D1538}.Debug|Any CPU.Build.0 = Debug|Any CPU
		{0D9759C0-2337-48D3-B83C-A31F279D1538}.Release|Any CPU.ActiveCfg = Release|Any CPU
		{0D9759C0-2337-48D3-B83C-A31F279D1538}.Release|Any CPU.Build.0 = Release|Any CPU
		{8482AE15-22C3-44BE-9745-C32951B29385}.Debug|Any CPU.ActiveCfg = Debug|Any CPU
		{8482AE15-22C3-44BE-9745-C32951B29385}.Debug|Any CPU.Build.0 = Debug|Any CPU
		{8482AE15-22C3-44BE-9745-C32951B29385}.Release|Any CPU.ActiveCfg = Release|Any CPU
		{8482AE15-22C3-44BE-9745-C32951B29385}.Release|Any CPU.Build.0 = Release|Any CPU
		{6BD7C4B9-F641-4CC0-9EAE-6E78C6FDE5B2}.Debug|Any CPU.ActiveCfg = Debug|Any CPU
		{6BD7C4B9-F641-4CC0-9EAE-6E78C6FDE5B2}.Debug|Any CPU.Build.0 = Debug|Any CPU
		{6BD7C4B9-F641-4CC0-9EAE-6E78C6FDE5B2}.Release|Any CPU.ActiveCfg = Release|Any CPU
		{6BD7C4B9-F641-4CC0-9EAE-6E78C6FDE5B2}.Release|Any CPU.Build.0 = Release|Any CPU
		{95A5C0C1-39C8-443F-9192-CA8321F4DC94}.Debug|Any CPU.ActiveCfg = Debug|Any CPU
		{95A5C0C1-39C8-443F-9192-CA8321F4DC94}.Debug|Any CPU.Build.0 = Debug|Any CPU
		{95A5C0C1-39C8-443F-9192-CA8321F4DC94}.Release|Any CPU.ActiveCfg = Release|Any CPU
		{95A5C0C1-39C8-443F-9192-CA8321F4DC94}.Release|Any CPU.Build.0 = Release|Any CPU
		{D88E8C30-44FB-4AE5-A293-2D724DABAAE2}.Debug|Any CPU.ActiveCfg = Debug|Any CPU
		{D88E8C30-44FB-4AE5-A293-2D724DABAAE2}.Debug|Any CPU.Build.0 = Debug|Any CPU
		{D88E8C30-44FB-4AE5-A293-2D724DABAAE2}.Release|Any CPU.ActiveCfg = Release|Any CPU
		{D88E8C30-44FB-4AE5-A293-2D724DABAAE2}.Release|Any CPU.Build.0 = Release|Any CPU
		{0D00A273-2FFC-43CE-9AC8-D8F41C468697}.Debug|Any CPU.ActiveCfg = Debug|Any CPU
		{0D00A273-2FFC-43CE-9AC8-D8F41C468697}.Debug|Any CPU.Build.0 = Debug|Any CPU
		{0D00A273-2FFC-43CE-9AC8-D8F41C468697}.Release|Any CPU.ActiveCfg = Release|Any CPU
		{0D00A273-2FFC-43CE-9AC8-D8F41C468697}.Release|Any CPU.Build.0 = Release|Any CPU
		{0C9C12A7-949C-414C-B54C-E1FFD37E5780}.Debug|Any CPU.ActiveCfg = Debug|Any CPU
		{0C9C12A7-949C-414C-B54C-E1FFD37E5780}.Debug|Any CPU.Build.0 = Debug|Any CPU
		{0C9C12A7-949C-414C-B54C-E1FFD37E5780}.Release|Any CPU.ActiveCfg = Release|Any CPU
		{0C9C12A7-949C-414C-B54C-E1FFD37E5780}.Release|Any CPU.Build.0 = Release|Any CPU
		{E2E62C19-4FA0-4ED4-B5DD-E4B5A4564FD8}.Debug|Any CPU.ActiveCfg = Debug|Any CPU
		{E2E62C19-4FA0-4ED4-B5DD-E4B5A4564FD8}.Debug|Any CPU.Build.0 = Debug|Any CPU
		{E2E62C19-4FA0-4ED4-B5DD-E4B5A4564FD8}.Release|Any CPU.ActiveCfg = Release|Any CPU
		{E2E62C19-4FA0-4ED4-B5DD-E4B5A4564FD8}.Release|Any CPU.Build.0 = Release|Any CPU
		{785D7897-C054-4C90-9C76-18266E7CE40F}.Debug|Any CPU.ActiveCfg = Debug|Any CPU
		{785D7897-C054-4C90-9C76-18266E7CE40F}.Debug|Any CPU.Build.0 = Debug|Any CPU
		{785D7897-C054-4C90-9C76-18266E7CE40F}.Release|Any CPU.ActiveCfg = Release|Any CPU
		{785D7897-C054-4C90-9C76-18266E7CE40F}.Release|Any CPU.Build.0 = Release|Any CPU
		{FC2F0C72-7966-4D63-B5F5-C9FDEA61D879}.Debug|Any CPU.ActiveCfg = Debug|Any CPU
		{FC2F0C72-7966-4D63-B5F5-C9FDEA61D879}.Debug|Any CPU.Build.0 = Debug|Any CPU
		{FC2F0C72-7966-4D63-B5F5-C9FDEA61D879}.Release|Any CPU.ActiveCfg = Release|Any CPU
		{FC2F0C72-7966-4D63-B5F5-C9FDEA61D879}.Release|Any CPU.Build.0 = Release|Any CPU
		{5F0C4E5C-82D6-46D0-BF54-3DDE8EF8463B}.Debug|Any CPU.ActiveCfg = Debug|Any CPU
		{5F0C4E5C-82D6-46D0-BF54-3DDE8EF8463B}.Debug|Any CPU.Build.0 = Debug|Any CPU
		{5F0C4E5C-82D6-46D0-BF54-3DDE8EF8463B}.Release|Any CPU.ActiveCfg = Release|Any CPU
		{5F0C4E5C-82D6-46D0-BF54-3DDE8EF8463B}.Release|Any CPU.Build.0 = Release|Any CPU
		{237AA855-E8D6-4C5A-A741-E33996B51B1B}.Debug|Any CPU.ActiveCfg = Debug|Any CPU
		{237AA855-E8D6-4C5A-A741-E33996B51B1B}.Debug|Any CPU.Build.0 = Debug|Any CPU
		{237AA855-E8D6-4C5A-A741-E33996B51B1B}.Release|Any CPU.ActiveCfg = Release|Any CPU
		{237AA855-E8D6-4C5A-A741-E33996B51B1B}.Release|Any CPU.Build.0 = Release|Any CPU
		{D5FBC979-7931-4D08-A510-6A2985B1943E}.Debug|Any CPU.ActiveCfg = Debug|Any CPU
		{D5FBC979-7931-4D08-A510-6A2985B1943E}.Debug|Any CPU.Build.0 = Debug|Any CPU
		{D5FBC979-7931-4D08-A510-6A2985B1943E}.Release|Any CPU.ActiveCfg = Release|Any CPU
		{D5FBC979-7931-4D08-A510-6A2985B1943E}.Release|Any CPU.Build.0 = Release|Any CPU
		{0E4FD624-6C6A-43F7-8825-1D61FD15152B}.Debug|Any CPU.ActiveCfg = Debug|Any CPU
		{0E4FD624-6C6A-43F7-8825-1D61FD15152B}.Debug|Any CPU.Build.0 = Debug|Any CPU
		{0E4FD624-6C6A-43F7-8825-1D61FD15152B}.Release|Any CPU.ActiveCfg = Release|Any CPU
		{0E4FD624-6C6A-43F7-8825-1D61FD15152B}.Release|Any CPU.Build.0 = Release|Any CPU
		{898D6908-CF89-40CE-8C29-5CE0A7159C2B}.Debug|Any CPU.ActiveCfg = Debug|Any CPU
		{898D6908-CF89-40CE-8C29-5CE0A7159C2B}.Debug|Any CPU.Build.0 = Debug|Any CPU
		{898D6908-CF89-40CE-8C29-5CE0A7159C2B}.Release|Any CPU.ActiveCfg = Release|Any CPU
		{898D6908-CF89-40CE-8C29-5CE0A7159C2B}.Release|Any CPU.Build.0 = Release|Any CPU
		{D98D50FF-E5FA-4872-BA59-1D4757B3F5AA}.Debug|Any CPU.ActiveCfg = Debug|Any CPU
		{D98D50FF-E5FA-4872-BA59-1D4757B3F5AA}.Debug|Any CPU.Build.0 = Debug|Any CPU
		{D98D50FF-E5FA-4872-BA59-1D4757B3F5AA}.Release|Any CPU.ActiveCfg = Release|Any CPU
		{D98D50FF-E5FA-4872-BA59-1D4757B3F5AA}.Release|Any CPU.Build.0 = Release|Any CPU
		{AFE1E372-28C2-4464-817D-8A0B8125F086}.Debug|Any CPU.ActiveCfg = Debug|Any CPU
		{AFE1E372-28C2-4464-817D-8A0B8125F086}.Debug|Any CPU.Build.0 = Debug|Any CPU
		{AFE1E372-28C2-4464-817D-8A0B8125F086}.Release|Any CPU.ActiveCfg = Release|Any CPU
		{AFE1E372-28C2-4464-817D-8A0B8125F086}.Release|Any CPU.Build.0 = Release|Any CPU
		{C38C463E-F4D8-470F-839C-F32E6EF5BFF7}.Debug|Any CPU.ActiveCfg = Debug|Any CPU
		{C38C463E-F4D8-470F-839C-F32E6EF5BFF7}.Debug|Any CPU.Build.0 = Debug|Any CPU
		{C38C463E-F4D8-470F-839C-F32E6EF5BFF7}.Release|Any CPU.ActiveCfg = Release|Any CPU
		{C38C463E-F4D8-470F-839C-F32E6EF5BFF7}.Release|Any CPU.Build.0 = Release|Any CPU
		{E6E933DD-AD5B-4262-8319-86A20B3E84F2}.Debug|Any CPU.ActiveCfg = Debug|Any CPU
		{E6E933DD-AD5B-4262-8319-86A20B3E84F2}.Debug|Any CPU.Build.0 = Debug|Any CPU
		{E6E933DD-AD5B-4262-8319-86A20B3E84F2}.Release|Any CPU.ActiveCfg = Release|Any CPU
		{E6E933DD-AD5B-4262-8319-86A20B3E84F2}.Release|Any CPU.Build.0 = Release|Any CPU
		{A198AE0C-34B2-465D-8C0D-1109E226D61A}.Debug|Any CPU.ActiveCfg = Debug|Any CPU
		{A198AE0C-34B2-465D-8C0D-1109E226D61A}.Debug|Any CPU.Build.0 = Debug|Any CPU
		{A198AE0C-34B2-465D-8C0D-1109E226D61A}.Release|Any CPU.ActiveCfg = Release|Any CPU
		{A198AE0C-34B2-465D-8C0D-1109E226D61A}.Release|Any CPU.Build.0 = Release|Any CPU
		{4DC03CAD-39BC-46FA-924D-408849443DCC}.Debug|Any CPU.ActiveCfg = Debug|Any CPU
		{4DC03CAD-39BC-46FA-924D-408849443DCC}.Debug|Any CPU.Build.0 = Debug|Any CPU
		{4DC03CAD-39BC-46FA-924D-408849443DCC}.Release|Any CPU.ActiveCfg = Release|Any CPU
		{4DC03CAD-39BC-46FA-924D-408849443DCC}.Release|Any CPU.Build.0 = Release|Any CPU
		{1DC874F6-1E6B-4AE0-98DE-24AF39CC0C5B}.Debug|Any CPU.ActiveCfg = Debug|Any CPU
		{1DC874F6-1E6B-4AE0-98DE-24AF39CC0C5B}.Debug|Any CPU.Build.0 = Debug|Any CPU
		{1DC874F6-1E6B-4AE0-98DE-24AF39CC0C5B}.Release|Any CPU.ActiveCfg = Release|Any CPU
		{1DC874F6-1E6B-4AE0-98DE-24AF39CC0C5B}.Release|Any CPU.Build.0 = Release|Any CPU
		{778FDDC2-7177-4A1D-AA75-5B12C06C2952}.Debug|Any CPU.ActiveCfg = Debug|Any CPU
		{778FDDC2-7177-4A1D-AA75-5B12C06C2952}.Debug|Any CPU.Build.0 = Debug|Any CPU
		{778FDDC2-7177-4A1D-AA75-5B12C06C2952}.Release|Any CPU.ActiveCfg = Release|Any CPU
		{778FDDC2-7177-4A1D-AA75-5B12C06C2952}.Release|Any CPU.Build.0 = Release|Any CPU
		{529509E5-8897-4550-9D72-D35C6C2A9672}.Debug|Any CPU.ActiveCfg = Debug|Any CPU
		{529509E5-8897-4550-9D72-D35C6C2A9672}.Debug|Any CPU.Build.0 = Debug|Any CPU
		{529509E5-8897-4550-9D72-D35C6C2A9672}.Release|Any CPU.ActiveCfg = Release|Any CPU
		{529509E5-8897-4550-9D72-D35C6C2A9672}.Release|Any CPU.Build.0 = Release|Any CPU
		{B3DB3FD3-E878-4236-9075-DF62DE77F67A}.Debug|Any CPU.ActiveCfg = Debug|Any CPU
		{B3DB3FD3-E878-4236-9075-DF62DE77F67A}.Debug|Any CPU.Build.0 = Debug|Any CPU
		{B3DB3FD3-E878-4236-9075-DF62DE77F67A}.Release|Any CPU.ActiveCfg = Release|Any CPU
		{B3DB3FD3-E878-4236-9075-DF62DE77F67A}.Release|Any CPU.Build.0 = Release|Any CPU
		{23C94BA5-0F10-4CCB-ACD6-61139631EED2}.Debug|Any CPU.ActiveCfg = Debug|Any CPU
		{23C94BA5-0F10-4CCB-ACD6-61139631EED2}.Debug|Any CPU.Build.0 = Debug|Any CPU
		{23C94BA5-0F10-4CCB-ACD6-61139631EED2}.Release|Any CPU.ActiveCfg = Release|Any CPU
		{23C94BA5-0F10-4CCB-ACD6-61139631EED2}.Release|Any CPU.Build.0 = Release|Any CPU
		{FE0FFB09-C1E1-418C-A76B-17F5FA57576E}.Debug|Any CPU.ActiveCfg = Debug|Any CPU
		{FE0FFB09-C1E1-418C-A76B-17F5FA57576E}.Debug|Any CPU.Build.0 = Debug|Any CPU
		{FE0FFB09-C1E1-418C-A76B-17F5FA57576E}.Release|Any CPU.ActiveCfg = Release|Any CPU
		{FE0FFB09-C1E1-418C-A76B-17F5FA57576E}.Release|Any CPU.Build.0 = Release|Any CPU
		{B96A472A-8F37-46C9-A581-528C62FA508A}.Debug|Any CPU.ActiveCfg = Debug|Any CPU
		{B96A472A-8F37-46C9-A581-528C62FA508A}.Debug|Any CPU.Build.0 = Debug|Any CPU
		{B96A472A-8F37-46C9-A581-528C62FA508A}.Release|Any CPU.ActiveCfg = Release|Any CPU
		{B96A472A-8F37-46C9-A581-528C62FA508A}.Release|Any CPU.Build.0 = Release|Any CPU
		{D87A2ECF-EEA2-4683-9C55-72D686A4429E}.Debug|Any CPU.ActiveCfg = Debug|Any CPU
		{D87A2ECF-EEA2-4683-9C55-72D686A4429E}.Debug|Any CPU.Build.0 = Debug|Any CPU
		{D87A2ECF-EEA2-4683-9C55-72D686A4429E}.Release|Any CPU.ActiveCfg = Release|Any CPU
		{D87A2ECF-EEA2-4683-9C55-72D686A4429E}.Release|Any CPU.Build.0 = Release|Any CPU
		{C56974B6-25C2-4667-A368-A8290C17FFBE}.Debug|Any CPU.ActiveCfg = Debug|Any CPU
		{C56974B6-25C2-4667-A368-A8290C17FFBE}.Debug|Any CPU.Build.0 = Debug|Any CPU
		{C56974B6-25C2-4667-A368-A8290C17FFBE}.Release|Any CPU.ActiveCfg = Release|Any CPU
		{C56974B6-25C2-4667-A368-A8290C17FFBE}.Release|Any CPU.Build.0 = Release|Any CPU
		{00F631B9-DCDB-4961-A37F-83E79E68710D}.Debug|Any CPU.ActiveCfg = Debug|Any CPU
		{00F631B9-DCDB-4961-A37F-83E79E68710D}.Debug|Any CPU.Build.0 = Debug|Any CPU
		{00F631B9-DCDB-4961-A37F-83E79E68710D}.Release|Any CPU.ActiveCfg = Release|Any CPU
		{00F631B9-DCDB-4961-A37F-83E79E68710D}.Release|Any CPU.Build.0 = Release|Any CPU
		{123B8E78-3A24-4E46-94C9-3D9D9F625868}.Debug|Any CPU.ActiveCfg = Debug|Any CPU
		{123B8E78-3A24-4E46-94C9-3D9D9F625868}.Debug|Any CPU.Build.0 = Debug|Any CPU
		{123B8E78-3A24-4E46-94C9-3D9D9F625868}.Release|Any CPU.ActiveCfg = Release|Any CPU
		{123B8E78-3A24-4E46-94C9-3D9D9F625868}.Release|Any CPU.Build.0 = Release|Any CPU
		{A4F319C5-B401-4576-A22C-A42316138B61}.Debug|Any CPU.ActiveCfg = Debug|Any CPU
		{A4F319C5-B401-4576-A22C-A42316138B61}.Debug|Any CPU.Build.0 = Debug|Any CPU
		{A4F319C5-B401-4576-A22C-A42316138B61}.Release|Any CPU.ActiveCfg = Release|Any CPU
		{A4F319C5-B401-4576-A22C-A42316138B61}.Release|Any CPU.Build.0 = Release|Any CPU
		{3C8A5512-CD57-47EC-8E9F-A0F41D5AD2CC}.Debug|Any CPU.ActiveCfg = Debug|Any CPU
		{3C8A5512-CD57-47EC-8E9F-A0F41D5AD2CC}.Debug|Any CPU.Build.0 = Debug|Any CPU
		{3C8A5512-CD57-47EC-8E9F-A0F41D5AD2CC}.Release|Any CPU.ActiveCfg = Release|Any CPU
		{3C8A5512-CD57-47EC-8E9F-A0F41D5AD2CC}.Release|Any CPU.Build.0 = Release|Any CPU
		{5EA6AE9B-BBE6-4D2D-845F-83F3F4EB528B}.Debug|Any CPU.ActiveCfg = Debug|Any CPU
		{5EA6AE9B-BBE6-4D2D-845F-83F3F4EB528B}.Debug|Any CPU.Build.0 = Debug|Any CPU
		{5EA6AE9B-BBE6-4D2D-845F-83F3F4EB528B}.Release|Any CPU.ActiveCfg = Release|Any CPU
		{5EA6AE9B-BBE6-4D2D-845F-83F3F4EB528B}.Release|Any CPU.Build.0 = Release|Any CPU
		{3661FFE0-C1D9-47D2-B917-6D62C555DEF9}.Debug|Any CPU.ActiveCfg = Debug|Any CPU
		{3661FFE0-C1D9-47D2-B917-6D62C555DEF9}.Debug|Any CPU.Build.0 = Debug|Any CPU
		{3661FFE0-C1D9-47D2-B917-6D62C555DEF9}.Release|Any CPU.ActiveCfg = Release|Any CPU
		{3661FFE0-C1D9-47D2-B917-6D62C555DEF9}.Release|Any CPU.Build.0 = Release|Any CPU
		{760FDF43-A0B3-48F0-9F03-832B6012307E}.Debug|Any CPU.ActiveCfg = Debug|Any CPU
		{760FDF43-A0B3-48F0-9F03-832B6012307E}.Debug|Any CPU.Build.0 = Debug|Any CPU
		{760FDF43-A0B3-48F0-9F03-832B6012307E}.Release|Any CPU.ActiveCfg = Release|Any CPU
		{760FDF43-A0B3-48F0-9F03-832B6012307E}.Release|Any CPU.Build.0 = Release|Any CPU
		{EC918F52-171B-4A59-86C6-6968BF51B195}.Debug|Any CPU.ActiveCfg = Debug|Any CPU
		{EC918F52-171B-4A59-86C6-6968BF51B195}.Debug|Any CPU.Build.0 = Debug|Any CPU
		{EC918F52-171B-4A59-86C6-6968BF51B195}.Release|Any CPU.ActiveCfg = Release|Any CPU
		{EC918F52-171B-4A59-86C6-6968BF51B195}.Release|Any CPU.Build.0 = Release|Any CPU
		{DAF99E1F-0D9F-43EC-8EBD-D0512176F3C2}.Debug|Any CPU.ActiveCfg = Debug|Any CPU
		{DAF99E1F-0D9F-43EC-8EBD-D0512176F3C2}.Debug|Any CPU.Build.0 = Debug|Any CPU
		{DAF99E1F-0D9F-43EC-8EBD-D0512176F3C2}.Release|Any CPU.ActiveCfg = Release|Any CPU
		{DAF99E1F-0D9F-43EC-8EBD-D0512176F3C2}.Release|Any CPU.Build.0 = Release|Any CPU
		{4C34AEEF-FC72-41DD-9045-81EE1E1C7195}.Debug|Any CPU.ActiveCfg = Debug|Any CPU
		{4C34AEEF-FC72-41DD-9045-81EE1E1C7195}.Debug|Any CPU.Build.0 = Debug|Any CPU
		{4C34AEEF-FC72-41DD-9045-81EE1E1C7195}.Release|Any CPU.ActiveCfg = Release|Any CPU
		{4C34AEEF-FC72-41DD-9045-81EE1E1C7195}.Release|Any CPU.Build.0 = Release|Any CPU
		{8A5428B8-75B1-4567-82C9-4A21A949EA1A}.Debug|Any CPU.ActiveCfg = Debug|Any CPU
		{8A5428B8-75B1-4567-82C9-4A21A949EA1A}.Debug|Any CPU.Build.0 = Debug|Any CPU
		{8A5428B8-75B1-4567-82C9-4A21A949EA1A}.Release|Any CPU.ActiveCfg = Release|Any CPU
		{8A5428B8-75B1-4567-82C9-4A21A949EA1A}.Release|Any CPU.Build.0 = Release|Any CPU
		{77D6C736-8EDC-40C9-8055-B82FD736370A}.Debug|Any CPU.ActiveCfg = Debug|Any CPU
		{77D6C736-8EDC-40C9-8055-B82FD736370A}.Debug|Any CPU.Build.0 = Debug|Any CPU
		{77D6C736-8EDC-40C9-8055-B82FD736370A}.Release|Any CPU.ActiveCfg = Release|Any CPU
		{77D6C736-8EDC-40C9-8055-B82FD736370A}.Release|Any CPU.Build.0 = Release|Any CPU
		{FCE5CDA1-06A2-4AB5-B7A1-33DB7888E907}.Debug|Any CPU.ActiveCfg = Debug|Any CPU
		{FCE5CDA1-06A2-4AB5-B7A1-33DB7888E907}.Debug|Any CPU.Build.0 = Debug|Any CPU
		{FCE5CDA1-06A2-4AB5-B7A1-33DB7888E907}.Release|Any CPU.ActiveCfg = Release|Any CPU
		{FCE5CDA1-06A2-4AB5-B7A1-33DB7888E907}.Release|Any CPU.Build.0 = Release|Any CPU
		{523FDA58-C4A2-49C9-809A-B2DF52A360FC}.Debug|Any CPU.ActiveCfg = Debug|Any CPU
		{523FDA58-C4A2-49C9-809A-B2DF52A360FC}.Debug|Any CPU.Build.0 = Debug|Any CPU
		{523FDA58-C4A2-49C9-809A-B2DF52A360FC}.Release|Any CPU.ActiveCfg = Release|Any CPU
		{523FDA58-C4A2-49C9-809A-B2DF52A360FC}.Release|Any CPU.Build.0 = Release|Any CPU
		{88115204-BC01-48D3-8ECE-11BE6DBA1FA1}.Debug|Any CPU.ActiveCfg = Debug|Any CPU
		{88115204-BC01-48D3-8ECE-11BE6DBA1FA1}.Debug|Any CPU.Build.0 = Debug|Any CPU
		{88115204-BC01-48D3-8ECE-11BE6DBA1FA1}.Release|Any CPU.ActiveCfg = Release|Any CPU
		{88115204-BC01-48D3-8ECE-11BE6DBA1FA1}.Release|Any CPU.Build.0 = Release|Any CPU
		{B1ABA4D7-BE29-469E-A04E-E01F3055C68D}.Debug|Any CPU.ActiveCfg = Debug|Any CPU
		{B1ABA4D7-BE29-469E-A04E-E01F3055C68D}.Debug|Any CPU.Build.0 = Debug|Any CPU
		{B1ABA4D7-BE29-469E-A04E-E01F3055C68D}.Release|Any CPU.ActiveCfg = Release|Any CPU
		{B1ABA4D7-BE29-469E-A04E-E01F3055C68D}.Release|Any CPU.Build.0 = Release|Any CPU
		{F8AE44D5-E357-4E36-B185-18CEFE19F815}.Debug|Any CPU.ActiveCfg = Debug|Any CPU
		{F8AE44D5-E357-4E36-B185-18CEFE19F815}.Debug|Any CPU.Build.0 = Debug|Any CPU
		{F8AE44D5-E357-4E36-B185-18CEFE19F815}.Release|Any CPU.ActiveCfg = Release|Any CPU
		{F8AE44D5-E357-4E36-B185-18CEFE19F815}.Release|Any CPU.Build.0 = Release|Any CPU
		{D8167782-2A05-468F-9542-F9039921BC06}.Debug|Any CPU.ActiveCfg = Debug|Any CPU
		{D8167782-2A05-468F-9542-F9039921BC06}.Debug|Any CPU.Build.0 = Debug|Any CPU
		{D8167782-2A05-468F-9542-F9039921BC06}.Release|Any CPU.ActiveCfg = Release|Any CPU
		{D8167782-2A05-468F-9542-F9039921BC06}.Release|Any CPU.Build.0 = Release|Any CPU
		{CB21E12D-F989-40A1-AFF0-42F460553A5D}.Debug|Any CPU.ActiveCfg = Debug|Any CPU
		{CB21E12D-F989-40A1-AFF0-42F460553A5D}.Debug|Any CPU.Build.0 = Debug|Any CPU
		{CB21E12D-F989-40A1-AFF0-42F460553A5D}.Release|Any CPU.ActiveCfg = Release|Any CPU
		{CB21E12D-F989-40A1-AFF0-42F460553A5D}.Release|Any CPU.Build.0 = Release|Any CPU
		{448E4CC2-D3F2-4B76-B6BE-5402BDEC7A00}.Debug|Any CPU.ActiveCfg = Debug|Any CPU
		{448E4CC2-D3F2-4B76-B6BE-5402BDEC7A00}.Debug|Any CPU.Build.0 = Debug|Any CPU
		{448E4CC2-D3F2-4B76-B6BE-5402BDEC7A00}.Release|Any CPU.ActiveCfg = Release|Any CPU
		{448E4CC2-D3F2-4B76-B6BE-5402BDEC7A00}.Release|Any CPU.Build.0 = Release|Any CPU
		{6D9B6254-DEF4-4968-9241-4BFCA30887E4}.Debug|Any CPU.ActiveCfg = Debug|Any CPU
		{6D9B6254-DEF4-4968-9241-4BFCA30887E4}.Debug|Any CPU.Build.0 = Debug|Any CPU
		{6D9B6254-DEF4-4968-9241-4BFCA30887E4}.Release|Any CPU.ActiveCfg = Release|Any CPU
		{6D9B6254-DEF4-4968-9241-4BFCA30887E4}.Release|Any CPU.Build.0 = Release|Any CPU
		{AAD7E842-C8A2-440C-9064-E60274AFB166}.Debug|Any CPU.ActiveCfg = Debug|Any CPU
		{AAD7E842-C8A2-440C-9064-E60274AFB166}.Debug|Any CPU.Build.0 = Debug|Any CPU
		{AAD7E842-C8A2-440C-9064-E60274AFB166}.Release|Any CPU.ActiveCfg = Release|Any CPU
		{AAD7E842-C8A2-440C-9064-E60274AFB166}.Release|Any CPU.Build.0 = Release|Any CPU
		{9EB6D85B-7E97-41E2-863C-3F5DF0139F38}.Debug|Any CPU.ActiveCfg = Debug|Any CPU
		{9EB6D85B-7E97-41E2-863C-3F5DF0139F38}.Debug|Any CPU.Build.0 = Debug|Any CPU
		{9EB6D85B-7E97-41E2-863C-3F5DF0139F38}.Release|Any CPU.ActiveCfg = Release|Any CPU
		{9EB6D85B-7E97-41E2-863C-3F5DF0139F38}.Release|Any CPU.Build.0 = Release|Any CPU
		{F880BF27-7999-4817-B887-65BA3A2D8017}.Debug|Any CPU.ActiveCfg = Debug|Any CPU
		{F880BF27-7999-4817-B887-65BA3A2D8017}.Debug|Any CPU.Build.0 = Debug|Any CPU
		{F880BF27-7999-4817-B887-65BA3A2D8017}.Release|Any CPU.ActiveCfg = Release|Any CPU
		{F880BF27-7999-4817-B887-65BA3A2D8017}.Release|Any CPU.Build.0 = Release|Any CPU
		{E7362049-2D08-4B3E-A736-FBC3062AAC26}.Debug|Any CPU.ActiveCfg = Debug|Any CPU
		{E7362049-2D08-4B3E-A736-FBC3062AAC26}.Debug|Any CPU.Build.0 = Debug|Any CPU
		{E7362049-2D08-4B3E-A736-FBC3062AAC26}.Release|Any CPU.ActiveCfg = Release|Any CPU
		{E7362049-2D08-4B3E-A736-FBC3062AAC26}.Release|Any CPU.Build.0 = Release|Any CPU
		{D933CE6E-1C3F-482C-A726-34BD77E18AE0}.Debug|Any CPU.ActiveCfg = Debug|Any CPU
		{D933CE6E-1C3F-482C-A726-34BD77E18AE0}.Debug|Any CPU.Build.0 = Debug|Any CPU
		{D933CE6E-1C3F-482C-A726-34BD77E18AE0}.Release|Any CPU.ActiveCfg = Release|Any CPU
		{D933CE6E-1C3F-482C-A726-34BD77E18AE0}.Release|Any CPU.Build.0 = Release|Any CPU
		{02E70624-95DF-4A28-A786-55FCDD69ED6D}.Debug|Any CPU.ActiveCfg = Debug|Any CPU
		{02E70624-95DF-4A28-A786-55FCDD69ED6D}.Debug|Any CPU.Build.0 = Debug|Any CPU
		{02E70624-95DF-4A28-A786-55FCDD69ED6D}.Release|Any CPU.ActiveCfg = Release|Any CPU
		{02E70624-95DF-4A28-A786-55FCDD69ED6D}.Release|Any CPU.Build.0 = Release|Any CPU
		{1F951A80-36B0-438C-8E25-845B1DBBF3BB}.Debug|Any CPU.ActiveCfg = Debug|Any CPU
		{1F951A80-36B0-438C-8E25-845B1DBBF3BB}.Debug|Any CPU.Build.0 = Debug|Any CPU
		{1F951A80-36B0-438C-8E25-845B1DBBF3BB}.Release|Any CPU.ActiveCfg = Release|Any CPU
		{1F951A80-36B0-438C-8E25-845B1DBBF3BB}.Release|Any CPU.Build.0 = Release|Any CPU
		{4925A896-E032-4914-822F-61FDDA6D3312}.Debug|Any CPU.ActiveCfg = Debug|Any CPU
		{4925A896-E032-4914-822F-61FDDA6D3312}.Debug|Any CPU.Build.0 = Debug|Any CPU
		{4925A896-E032-4914-822F-61FDDA6D3312}.Release|Any CPU.ActiveCfg = Release|Any CPU
		{4925A896-E032-4914-822F-61FDDA6D3312}.Release|Any CPU.Build.0 = Release|Any CPU
		{61662C69-53B4-4F87-BA1E-3F9EF1C7EF08}.Debug|Any CPU.ActiveCfg = Debug|Any CPU
		{61662C69-53B4-4F87-BA1E-3F9EF1C7EF08}.Debug|Any CPU.Build.0 = Debug|Any CPU
		{61662C69-53B4-4F87-BA1E-3F9EF1C7EF08}.Release|Any CPU.ActiveCfg = Release|Any CPU
		{61662C69-53B4-4F87-BA1E-3F9EF1C7EF08}.Release|Any CPU.Build.0 = Release|Any CPU
		{D9C451B3-1C69-4AD0-A6B2-6EB6E1AC8440}.Debug|Any CPU.ActiveCfg = Debug|Any CPU
		{D9C451B3-1C69-4AD0-A6B2-6EB6E1AC8440}.Debug|Any CPU.Build.0 = Debug|Any CPU
		{D9C451B3-1C69-4AD0-A6B2-6EB6E1AC8440}.Release|Any CPU.ActiveCfg = Release|Any CPU
		{D9C451B3-1C69-4AD0-A6B2-6EB6E1AC8440}.Release|Any CPU.Build.0 = Release|Any CPU
		{4F3C1C7D-969E-4702-B636-83790C8F146C}.Debug|Any CPU.ActiveCfg = Debug|Any CPU
		{4F3C1C7D-969E-4702-B636-83790C8F146C}.Debug|Any CPU.Build.0 = Debug|Any CPU
		{4F3C1C7D-969E-4702-B636-83790C8F146C}.Release|Any CPU.ActiveCfg = Release|Any CPU
		{4F3C1C7D-969E-4702-B636-83790C8F146C}.Release|Any CPU.Build.0 = Release|Any CPU
		{2272371E-1A84-4ACA-BCEC-82991B1A7A1C}.Debug|Any CPU.ActiveCfg = Debug|Any CPU
		{2272371E-1A84-4ACA-BCEC-82991B1A7A1C}.Debug|Any CPU.Build.0 = Debug|Any CPU
		{2272371E-1A84-4ACA-BCEC-82991B1A7A1C}.Release|Any CPU.ActiveCfg = Release|Any CPU
		{2272371E-1A84-4ACA-BCEC-82991B1A7A1C}.Release|Any CPU.Build.0 = Release|Any CPU
		{253967C5-3B4D-4195-8A50-0036910734CD}.Debug|Any CPU.ActiveCfg = Debug|Any CPU
		{253967C5-3B4D-4195-8A50-0036910734CD}.Debug|Any CPU.Build.0 = Debug|Any CPU
		{253967C5-3B4D-4195-8A50-0036910734CD}.Release|Any CPU.ActiveCfg = Release|Any CPU
		{253967C5-3B4D-4195-8A50-0036910734CD}.Release|Any CPU.Build.0 = Release|Any CPU
		{DD9A07A5-D1F2-48FC-8E9C-EE7E99D72184}.Debug|Any CPU.ActiveCfg = Debug|Any CPU
		{DD9A07A5-D1F2-48FC-8E9C-EE7E99D72184}.Debug|Any CPU.Build.0 = Debug|Any CPU
		{DD9A07A5-D1F2-48FC-8E9C-EE7E99D72184}.Release|Any CPU.ActiveCfg = Release|Any CPU
		{DD9A07A5-D1F2-48FC-8E9C-EE7E99D72184}.Release|Any CPU.Build.0 = Release|Any CPU
		{6B3525E2-A2AE-432D-B8CA-D7B5AC06E6F5}.Debug|Any CPU.ActiveCfg = Debug|Any CPU
		{6B3525E2-A2AE-432D-B8CA-D7B5AC06E6F5}.Debug|Any CPU.Build.0 = Debug|Any CPU
		{6B3525E2-A2AE-432D-B8CA-D7B5AC06E6F5}.Release|Any CPU.ActiveCfg = Release|Any CPU
		{6B3525E2-A2AE-432D-B8CA-D7B5AC06E6F5}.Release|Any CPU.Build.0 = Release|Any CPU
		{9A110D7E-68DB-462B-AE0A-5C7A20830F7B}.Debug|Any CPU.ActiveCfg = Debug|Any CPU
		{9A110D7E-68DB-462B-AE0A-5C7A20830F7B}.Debug|Any CPU.Build.0 = Debug|Any CPU
		{9A110D7E-68DB-462B-AE0A-5C7A20830F7B}.Release|Any CPU.ActiveCfg = Release|Any CPU
		{9A110D7E-68DB-462B-AE0A-5C7A20830F7B}.Release|Any CPU.Build.0 = Release|Any CPU
		{479A97B5-6E8E-45A7-8547-A4EC45130887}.Debug|Any CPU.ActiveCfg = Debug|Any CPU
		{479A97B5-6E8E-45A7-8547-A4EC45130887}.Debug|Any CPU.Build.0 = Debug|Any CPU
		{479A97B5-6E8E-45A7-8547-A4EC45130887}.Release|Any CPU.ActiveCfg = Release|Any CPU
		{479A97B5-6E8E-45A7-8547-A4EC45130887}.Release|Any CPU.Build.0 = Release|Any CPU
		{8F08C221-9887-434E-B941-4A3FBD48C82C}.Debug|Any CPU.ActiveCfg = Debug|Any CPU
		{8F08C221-9887-434E-B941-4A3FBD48C82C}.Debug|Any CPU.Build.0 = Debug|Any CPU
		{8F08C221-9887-434E-B941-4A3FBD48C82C}.Release|Any CPU.ActiveCfg = Release|Any CPU
		{8F08C221-9887-434E-B941-4A3FBD48C82C}.Release|Any CPU.Build.0 = Release|Any CPU
		{E5041771-88E2-452F-AAAE-A13CAE577C8A}.Debug|Any CPU.ActiveCfg = Debug|Any CPU
		{E5041771-88E2-452F-AAAE-A13CAE577C8A}.Debug|Any CPU.Build.0 = Debug|Any CPU
		{E5041771-88E2-452F-AAAE-A13CAE577C8A}.Release|Any CPU.ActiveCfg = Release|Any CPU
		{E5041771-88E2-452F-AAAE-A13CAE577C8A}.Release|Any CPU.Build.0 = Release|Any CPU
		{3FB5129D-318A-47C6-BC58-AC1ED30B153E}.Debug|Any CPU.ActiveCfg = Debug|Any CPU
		{3FB5129D-318A-47C6-BC58-AC1ED30B153E}.Debug|Any CPU.Build.0 = Debug|Any CPU
		{3FB5129D-318A-47C6-BC58-AC1ED30B153E}.Release|Any CPU.ActiveCfg = Release|Any CPU
		{3FB5129D-318A-47C6-BC58-AC1ED30B153E}.Release|Any CPU.Build.0 = Release|Any CPU
		{55D59444-1F60-4A77-8E30-2B3A7DC4E995}.Debug|Any CPU.ActiveCfg = Debug|Any CPU
		{55D59444-1F60-4A77-8E30-2B3A7DC4E995}.Debug|Any CPU.Build.0 = Debug|Any CPU
		{55D59444-1F60-4A77-8E30-2B3A7DC4E995}.Release|Any CPU.ActiveCfg = Release|Any CPU
		{55D59444-1F60-4A77-8E30-2B3A7DC4E995}.Release|Any CPU.Build.0 = Release|Any CPU
		{4B849AF8-265C-42D6-9A91-FEB96B834206}.Debug|Any CPU.ActiveCfg = Debug|Any CPU
		{4B849AF8-265C-42D6-9A91-FEB96B834206}.Debug|Any CPU.Build.0 = Debug|Any CPU
		{4B849AF8-265C-42D6-9A91-FEB96B834206}.Release|Any CPU.ActiveCfg = Release|Any CPU
		{4B849AF8-265C-42D6-9A91-FEB96B834206}.Release|Any CPU.Build.0 = Release|Any CPU
		{81570FF7-5BD1-457A-82AD-37DB3EC6630C}.Debug|Any CPU.ActiveCfg = Debug|Any CPU
		{81570FF7-5BD1-457A-82AD-37DB3EC6630C}.Debug|Any CPU.Build.0 = Debug|Any CPU
		{81570FF7-5BD1-457A-82AD-37DB3EC6630C}.Release|Any CPU.ActiveCfg = Release|Any CPU
		{81570FF7-5BD1-457A-82AD-37DB3EC6630C}.Release|Any CPU.Build.0 = Release|Any CPU
		{7673A8D8-6099-438B-896A-6FA31079D39D}.Debug|Any CPU.ActiveCfg = Debug|Any CPU
		{7673A8D8-6099-438B-896A-6FA31079D39D}.Debug|Any CPU.Build.0 = Debug|Any CPU
		{7673A8D8-6099-438B-896A-6FA31079D39D}.Release|Any CPU.ActiveCfg = Release|Any CPU
		{7673A8D8-6099-438B-896A-6FA31079D39D}.Release|Any CPU.Build.0 = Release|Any CPU
		{A208EDF6-13E9-411C-9A95-C6202BB234F2}.Debug|Any CPU.ActiveCfg = Debug|Any CPU
		{A208EDF6-13E9-411C-9A95-C6202BB234F2}.Debug|Any CPU.Build.0 = Debug|Any CPU
		{A208EDF6-13E9-411C-9A95-C6202BB234F2}.Release|Any CPU.ActiveCfg = Release|Any CPU
		{A208EDF6-13E9-411C-9A95-C6202BB234F2}.Release|Any CPU.Build.0 = Release|Any CPU
		{2630F897-579D-4A91-943D-0B892CB09398}.Debug|Any CPU.ActiveCfg = Debug|Any CPU
		{2630F897-579D-4A91-943D-0B892CB09398}.Debug|Any CPU.Build.0 = Debug|Any CPU
		{2630F897-579D-4A91-943D-0B892CB09398}.Release|Any CPU.ActiveCfg = Release|Any CPU
		{2630F897-579D-4A91-943D-0B892CB09398}.Release|Any CPU.Build.0 = Release|Any CPU
		{1BF5724A-A8EF-486C-B01D-F53412E72D27}.Debug|Any CPU.ActiveCfg = Debug|Any CPU
		{1BF5724A-A8EF-486C-B01D-F53412E72D27}.Debug|Any CPU.Build.0 = Debug|Any CPU
		{1BF5724A-A8EF-486C-B01D-F53412E72D27}.Release|Any CPU.ActiveCfg = Release|Any CPU
		{1BF5724A-A8EF-486C-B01D-F53412E72D27}.Release|Any CPU.Build.0 = Release|Any CPU
		{6CB6F33D-FA92-49DA-B2B8-79AC502DE521}.Debug|Any CPU.ActiveCfg = Debug|Any CPU
		{6CB6F33D-FA92-49DA-B2B8-79AC502DE521}.Debug|Any CPU.Build.0 = Debug|Any CPU
		{6CB6F33D-FA92-49DA-B2B8-79AC502DE521}.Release|Any CPU.ActiveCfg = Release|Any CPU
		{6CB6F33D-FA92-49DA-B2B8-79AC502DE521}.Release|Any CPU.Build.0 = Release|Any CPU
		{524A35FE-F786-46A4-994D-9D014FE6483D}.Debug|Any CPU.ActiveCfg = Debug|Any CPU
		{524A35FE-F786-46A4-994D-9D014FE6483D}.Debug|Any CPU.Build.0 = Debug|Any CPU
		{524A35FE-F786-46A4-994D-9D014FE6483D}.Release|Any CPU.ActiveCfg = Release|Any CPU
		{524A35FE-F786-46A4-994D-9D014FE6483D}.Release|Any CPU.Build.0 = Release|Any CPU
		{D2AD9D09-DFB8-45B2-90C2-E1F8AC139C6C}.Debug|Any CPU.ActiveCfg = Debug|Any CPU
		{D2AD9D09-DFB8-45B2-90C2-E1F8AC139C6C}.Debug|Any CPU.Build.0 = Debug|Any CPU
		{D2AD9D09-DFB8-45B2-90C2-E1F8AC139C6C}.Release|Any CPU.ActiveCfg = Release|Any CPU
		{D2AD9D09-DFB8-45B2-90C2-E1F8AC139C6C}.Release|Any CPU.Build.0 = Release|Any CPU
		{15A40A2D-A563-4BA4-8A1E-B1569E7816B1}.Debug|Any CPU.ActiveCfg = Debug|Any CPU
		{15A40A2D-A563-4BA4-8A1E-B1569E7816B1}.Debug|Any CPU.Build.0 = Debug|Any CPU
		{15A40A2D-A563-4BA4-8A1E-B1569E7816B1}.Release|Any CPU.ActiveCfg = Release|Any CPU
		{15A40A2D-A563-4BA4-8A1E-B1569E7816B1}.Release|Any CPU.Build.0 = Release|Any CPU
		{BF27F06D-4047-4BB9-B281-4E276B8E8208}.Debug|Any CPU.ActiveCfg = Debug|Any CPU
		{BF27F06D-4047-4BB9-B281-4E276B8E8208}.Debug|Any CPU.Build.0 = Debug|Any CPU
		{BF27F06D-4047-4BB9-B281-4E276B8E8208}.Release|Any CPU.ActiveCfg = Release|Any CPU
		{BF27F06D-4047-4BB9-B281-4E276B8E8208}.Release|Any CPU.Build.0 = Release|Any CPU
		{424AB240-26B5-4943-B012-98E1B5C82BBD}.Debug|Any CPU.ActiveCfg = Debug|Any CPU
		{424AB240-26B5-4943-B012-98E1B5C82BBD}.Debug|Any CPU.Build.0 = Debug|Any CPU
		{424AB240-26B5-4943-B012-98E1B5C82BBD}.Release|Any CPU.ActiveCfg = Release|Any CPU
		{424AB240-26B5-4943-B012-98E1B5C82BBD}.Release|Any CPU.Build.0 = Release|Any CPU
		{FBC1B7BC-718B-415A-B065-3615005F1E2D}.Debug|Any CPU.ActiveCfg = Debug|Any CPU
		{FBC1B7BC-718B-415A-B065-3615005F1E2D}.Debug|Any CPU.Build.0 = Debug|Any CPU
		{FBC1B7BC-718B-415A-B065-3615005F1E2D}.Release|Any CPU.ActiveCfg = Release|Any CPU
		{FBC1B7BC-718B-415A-B065-3615005F1E2D}.Release|Any CPU.Build.0 = Release|Any CPU
		{8757A189-0947-4AA5-B1C3-8804D1358602}.Debug|Any CPU.ActiveCfg = Debug|Any CPU
		{8757A189-0947-4AA5-B1C3-8804D1358602}.Debug|Any CPU.Build.0 = Debug|Any CPU
		{8757A189-0947-4AA5-B1C3-8804D1358602}.Release|Any CPU.ActiveCfg = Release|Any CPU
		{8757A189-0947-4AA5-B1C3-8804D1358602}.Release|Any CPU.Build.0 = Release|Any CPU
		{1F10AF98-3D5C-4574-9EB7-4472909D9593}.Debug|Any CPU.ActiveCfg = Debug|Any CPU
		{1F10AF98-3D5C-4574-9EB7-4472909D9593}.Debug|Any CPU.Build.0 = Debug|Any CPU
		{1F10AF98-3D5C-4574-9EB7-4472909D9593}.Release|Any CPU.ActiveCfg = Release|Any CPU
		{1F10AF98-3D5C-4574-9EB7-4472909D9593}.Release|Any CPU.Build.0 = Release|Any CPU
		{1951A43A-5345-4CBA-8CAE-865FA655AA4B}.Debug|Any CPU.ActiveCfg = Debug|Any CPU
		{1951A43A-5345-4CBA-8CAE-865FA655AA4B}.Debug|Any CPU.Build.0 = Debug|Any CPU
		{1951A43A-5345-4CBA-8CAE-865FA655AA4B}.Release|Any CPU.ActiveCfg = Release|Any CPU
		{1951A43A-5345-4CBA-8CAE-865FA655AA4B}.Release|Any CPU.Build.0 = Release|Any CPU
		{6A87AC40-A8EF-4150-9C2F-BF34691D7E2B}.Debug|Any CPU.ActiveCfg = Debug|Any CPU
		{6A87AC40-A8EF-4150-9C2F-BF34691D7E2B}.Debug|Any CPU.Build.0 = Debug|Any CPU
		{6A87AC40-A8EF-4150-9C2F-BF34691D7E2B}.Release|Any CPU.ActiveCfg = Release|Any CPU
		{6A87AC40-A8EF-4150-9C2F-BF34691D7E2B}.Release|Any CPU.Build.0 = Release|Any CPU
		{11C4E5B1-3BBF-41BB-9DC2-D100C35E85E6}.Debug|Any CPU.ActiveCfg = Debug|Any CPU
		{11C4E5B1-3BBF-41BB-9DC2-D100C35E85E6}.Debug|Any CPU.Build.0 = Debug|Any CPU
		{11C4E5B1-3BBF-41BB-9DC2-D100C35E85E6}.Release|Any CPU.ActiveCfg = Release|Any CPU
		{11C4E5B1-3BBF-41BB-9DC2-D100C35E85E6}.Release|Any CPU.Build.0 = Release|Any CPU
		{701562C8-85BE-4B3B-853F-A66E2F69E8E0}.Debug|Any CPU.ActiveCfg = Debug|Any CPU
		{701562C8-85BE-4B3B-853F-A66E2F69E8E0}.Debug|Any CPU.Build.0 = Debug|Any CPU
		{701562C8-85BE-4B3B-853F-A66E2F69E8E0}.Release|Any CPU.ActiveCfg = Release|Any CPU
		{701562C8-85BE-4B3B-853F-A66E2F69E8E0}.Release|Any CPU.Build.0 = Release|Any CPU
		{EC62AB37-00EE-419F-82EF-FA395AF4E502}.Debug|Any CPU.ActiveCfg = Debug|Any CPU
		{EC62AB37-00EE-419F-82EF-FA395AF4E502}.Debug|Any CPU.Build.0 = Debug|Any CPU
		{EC62AB37-00EE-419F-82EF-FA395AF4E502}.Release|Any CPU.ActiveCfg = Release|Any CPU
		{EC62AB37-00EE-419F-82EF-FA395AF4E502}.Release|Any CPU.Build.0 = Release|Any CPU
		{0132872B-85CC-490D-8798-1EEE9B055118}.Debug|Any CPU.ActiveCfg = Debug|Any CPU
		{0132872B-85CC-490D-8798-1EEE9B055118}.Debug|Any CPU.Build.0 = Debug|Any CPU
		{0132872B-85CC-490D-8798-1EEE9B055118}.Release|Any CPU.ActiveCfg = Release|Any CPU
		{0132872B-85CC-490D-8798-1EEE9B055118}.Release|Any CPU.Build.0 = Release|Any CPU
		{79677DA0-571C-43B2-A30F-4E8FB3534EBD}.Debug|Any CPU.ActiveCfg = Debug|Any CPU
		{79677DA0-571C-43B2-A30F-4E8FB3534EBD}.Debug|Any CPU.Build.0 = Debug|Any CPU
		{79677DA0-571C-43B2-A30F-4E8FB3534EBD}.Release|Any CPU.ActiveCfg = Release|Any CPU
		{79677DA0-571C-43B2-A30F-4E8FB3534EBD}.Release|Any CPU.Build.0 = Release|Any CPU
		{FCEC1367-4F45-480B-85D8-776892A5A609}.Debug|Any CPU.ActiveCfg = Debug|Any CPU
		{FCEC1367-4F45-480B-85D8-776892A5A609}.Debug|Any CPU.Build.0 = Debug|Any CPU
		{FCEC1367-4F45-480B-85D8-776892A5A609}.Release|Any CPU.ActiveCfg = Release|Any CPU
		{FCEC1367-4F45-480B-85D8-776892A5A609}.Release|Any CPU.Build.0 = Release|Any CPU
		{0165BF53-9A93-493B-8B22-7FA316F6C9C1}.Debug|Any CPU.ActiveCfg = Debug|Any CPU
		{0165BF53-9A93-493B-8B22-7FA316F6C9C1}.Debug|Any CPU.Build.0 = Debug|Any CPU
		{0165BF53-9A93-493B-8B22-7FA316F6C9C1}.Release|Any CPU.ActiveCfg = Release|Any CPU
		{0165BF53-9A93-493B-8B22-7FA316F6C9C1}.Release|Any CPU.Build.0 = Release|Any CPU
		{C705F8D4-CD62-4313-AF46-2203D23AE303}.Debug|Any CPU.ActiveCfg = Debug|Any CPU
		{C705F8D4-CD62-4313-AF46-2203D23AE303}.Debug|Any CPU.Build.0 = Debug|Any CPU
		{C705F8D4-CD62-4313-AF46-2203D23AE303}.Release|Any CPU.ActiveCfg = Release|Any CPU
		{C705F8D4-CD62-4313-AF46-2203D23AE303}.Release|Any CPU.Build.0 = Release|Any CPU
		{F1719DD7-B2FF-4E65-8EAA-23395ECA0B75}.Debug|Any CPU.ActiveCfg = Debug|Any CPU
		{F1719DD7-B2FF-4E65-8EAA-23395ECA0B75}.Debug|Any CPU.Build.0 = Debug|Any CPU
		{F1719DD7-B2FF-4E65-8EAA-23395ECA0B75}.Release|Any CPU.ActiveCfg = Release|Any CPU
		{F1719DD7-B2FF-4E65-8EAA-23395ECA0B75}.Release|Any CPU.Build.0 = Release|Any CPU
		{5E6BF26E-E9DD-4AFC-BE2F-27F9D266FCF9}.Debug|Any CPU.ActiveCfg = Debug|Any CPU
		{5E6BF26E-E9DD-4AFC-BE2F-27F9D266FCF9}.Debug|Any CPU.Build.0 = Debug|Any CPU
		{5E6BF26E-E9DD-4AFC-BE2F-27F9D266FCF9}.Release|Any CPU.ActiveCfg = Release|Any CPU
		{5E6BF26E-E9DD-4AFC-BE2F-27F9D266FCF9}.Release|Any CPU.Build.0 = Release|Any CPU
		{EF269DB4-20E5-4C36-A0AF-B9CCF039CAE6}.Debug|Any CPU.ActiveCfg = Debug|Any CPU
		{EF269DB4-20E5-4C36-A0AF-B9CCF039CAE6}.Debug|Any CPU.Build.0 = Debug|Any CPU
		{EF269DB4-20E5-4C36-A0AF-B9CCF039CAE6}.Release|Any CPU.ActiveCfg = Release|Any CPU
		{EF269DB4-20E5-4C36-A0AF-B9CCF039CAE6}.Release|Any CPU.Build.0 = Release|Any CPU
		{97CE6C61-F440-429D-8C07-B25593398A41}.Debug|Any CPU.ActiveCfg = Debug|Any CPU
		{97CE6C61-F440-429D-8C07-B25593398A41}.Debug|Any CPU.Build.0 = Debug|Any CPU
		{97CE6C61-F440-429D-8C07-B25593398A41}.Release|Any CPU.ActiveCfg = Release|Any CPU
		{97CE6C61-F440-429D-8C07-B25593398A41}.Release|Any CPU.Build.0 = Release|Any CPU
		{54D54D67-10EB-40AA-9298-36F851AFD070}.Debug|Any CPU.ActiveCfg = Debug|Any CPU
		{54D54D67-10EB-40AA-9298-36F851AFD070}.Debug|Any CPU.Build.0 = Debug|Any CPU
		{54D54D67-10EB-40AA-9298-36F851AFD070}.Release|Any CPU.ActiveCfg = Release|Any CPU
		{54D54D67-10EB-40AA-9298-36F851AFD070}.Release|Any CPU.Build.0 = Release|Any CPU
	EndGlobalSection
	GlobalSection(SolutionProperties) = preSolution
		HideSolutionNode = FALSE
	EndGlobalSection
	GlobalSection(NestedProjects) = preSolution
		{11B859BD-8296-44EF-AC77-F27651037337} = {0716DFFE-6965-4755-B811-D2D678F71B32}
		{909645DE-4CEB-4EC4-B8D0-143476BCD09D} = {0716DFFE-6965-4755-B811-D2D678F71B32}
		{ECAA7976-C9A4-42E9-9E59-43F84E63248C} = {0716DFFE-6965-4755-B811-D2D678F71B32}
		{671EF444-4CF2-4EC0-A43A-1D29D0ABD7B1} = {0716DFFE-6965-4755-B811-D2D678F71B32}
		{5B2016D5-D776-439E-8A7D-8C6DF9F14BDB} = {0716DFFE-6965-4755-B811-D2D678F71B32}
		{204795B0-4FA9-47D9-8FE4-ECFA0380EC17} = {0716DFFE-6965-4755-B811-D2D678F71B32}
		{E7D2206D-F868-4C18-84D2-6AC052C73139} = {0716DFFE-6965-4755-B811-D2D678F71B32}
		{7A7BB24A-F3C1-45F8-AA45-5864CF566659} = {0716DFFE-6965-4755-B811-D2D678F71B32}
		{6A72EE5B-38A7-4BFA-8773-B3979A5B8F6A} = {619CEF17-D24F-4BE0-80B6-CF082B70A0F3}
		{D8CED46B-10F6-4B34-A5AF-3EEC7074B478} = {0716DFFE-6965-4755-B811-D2D678F71B32}
		{4D421063-B165-44F1-98A2-87EADB446C04} = {0716DFFE-6965-4755-B811-D2D678F71B32}
		{13497477-3F0E-434E-AEFC-C54092E8A0E5} = {7299B4D6-6951-4A32-9C4C-26098108FA4F}
		{BFA691E1-DD98-4C94-B867-C5B2A43654F7} = {7299B4D6-6951-4A32-9C4C-26098108FA4F}
		{964363F8-9597-4FB5-80EC-AD33C0A14561} = {7299B4D6-6951-4A32-9C4C-26098108FA4F}
		{C002B5DF-837C-4C76-A0CF-BEF392954FFD} = {8E46E156-84F9-491D-B67C-A1B0EC8A05E9}
		{C5FDF418-9277-4A38-AD90-E7A2D697E9B1} = {2D924BCF-9454-4D6B-8A13-84B5B16A2EF6}
		{D7601328-F4AF-45A6-96F6-CAAB2F895B21} = {833C4341-4C10-4BAE-A1B4-600592CD4D5C}
		{E7A00BA3-F6F4-4B5E-B813-A28B524B52D2} = {593B7CA2-78A2-41AC-84DA-C7A6F5A51CFC}
		{62E3392C-2CD4-4AA6-A76B-89ECD8E237C5} = {593B7CA2-78A2-41AC-84DA-C7A6F5A51CFC}
		{DCB567B8-160F-428A-BC4B-A81189F6393E} = {AABB11C5-F4CB-4F59-86E4-365FB470E0FF}
		{0D9759C0-2337-48D3-B83C-A31F279D1538} = {8CB5F735-C087-423E-B8B2-E3158071BF23}
		{8482AE15-22C3-44BE-9745-C32951B29385} = {683371DC-B59B-4194-8B85-0FB2B0D88203}
		{6BD7C4B9-F641-4CC0-9EAE-6E78C6FDE5B2} = {683371DC-B59B-4194-8B85-0FB2B0D88203}
		{95A5C0C1-39C8-443F-9192-CA8321F4DC94} = {267BE0D3-9F7E-44D1-B961-4149AA9A72C3}
		{D88E8C30-44FB-4AE5-A293-2D724DABAAE2} = {0716DFFE-6965-4755-B811-D2D678F71B32}
		{0D00A273-2FFC-43CE-9AC8-D8F41C468697} = {3B5605D4-5DAB-4635-BBF6-75D1DDFC24C3}
		{0C9C12A7-949C-414C-B54C-E1FFD37E5780} = {AE515356-34DB-4395-8277-D0CB9799A433}
		{E2E62C19-4FA0-4ED4-B5DD-E4B5A4564FD8} = {8E46E156-84F9-491D-B67C-A1B0EC8A05E9}
		{785D7897-C054-4C90-9C76-18266E7CE40F} = {A4C8B8FC-7A0E-430F-9DAD-3B60E5BF2A28}
		{FC2F0C72-7966-4D63-B5F5-C9FDEA61D879} = {3B5605D4-5DAB-4635-BBF6-75D1DDFC24C3}
		{5F0C4E5C-82D6-46D0-BF54-3DDE8EF8463B} = {8E46E156-84F9-491D-B67C-A1B0EC8A05E9}
		{237AA855-E8D6-4C5A-A741-E33996B51B1B} = {619CEF17-D24F-4BE0-80B6-CF082B70A0F3}
		{D5FBC979-7931-4D08-A510-6A2985B1943E} = {683371DC-B59B-4194-8B85-0FB2B0D88203}
		{0E4FD624-6C6A-43F7-8825-1D61FD15152B} = {AABB11C5-F4CB-4F59-86E4-365FB470E0FF}
		{898D6908-CF89-40CE-8C29-5CE0A7159C2B} = {8E46E156-84F9-491D-B67C-A1B0EC8A05E9}
		{D98D50FF-E5FA-4872-BA59-1D4757B3F5AA} = {683371DC-B59B-4194-8B85-0FB2B0D88203}
		{AFE1E372-28C2-4464-817D-8A0B8125F086} = {AABB11C5-F4CB-4F59-86E4-365FB470E0FF}
		{C38C463E-F4D8-470F-839C-F32E6EF5BFF7} = {3B5605D4-5DAB-4635-BBF6-75D1DDFC24C3}
		{E6E933DD-AD5B-4262-8319-86A20B3E84F2} = {7299B4D6-6951-4A32-9C4C-26098108FA4F}
		{A198AE0C-34B2-465D-8C0D-1109E226D61A} = {0716DFFE-6965-4755-B811-D2D678F71B32}
		{4DC03CAD-39BC-46FA-924D-408849443DCC} = {619CEF17-D24F-4BE0-80B6-CF082B70A0F3}
		{1DC874F6-1E6B-4AE0-98DE-24AF39CC0C5B} = {683371DC-B59B-4194-8B85-0FB2B0D88203}
		{778FDDC2-7177-4A1D-AA75-5B12C06C2952} = {AABB11C5-F4CB-4F59-86E4-365FB470E0FF}
		{529509E5-8897-4550-9D72-D35C6C2A9672} = {619CEF17-D24F-4BE0-80B6-CF082B70A0F3}
		{B3DB3FD3-E878-4236-9075-DF62DE77F67A} = {683371DC-B59B-4194-8B85-0FB2B0D88203}
		{23C94BA5-0F10-4CCB-ACD6-61139631EED2} = {683371DC-B59B-4194-8B85-0FB2B0D88203}
		{FE0FFB09-C1E1-418C-A76B-17F5FA57576E} = {3B5605D4-5DAB-4635-BBF6-75D1DDFC24C3}
		{B96A472A-8F37-46C9-A581-528C62FA508A} = {0716DFFE-6965-4755-B811-D2D678F71B32}
		{D87A2ECF-EEA2-4683-9C55-72D686A4429E} = {7299B4D6-6951-4A32-9C4C-26098108FA4F}
		{C56974B6-25C2-4667-A368-A8290C17FFBE} = {868AE0D7-022D-4BF2-9A73-EBF8C28AE45C}
		{00F631B9-DCDB-4961-A37F-83E79E68710D} = {AABB11C5-F4CB-4F59-86E4-365FB470E0FF}
		{123B8E78-3A24-4E46-94C9-3D9D9F625868} = {2D924BCF-9454-4D6B-8A13-84B5B16A2EF6}
		{A4F319C5-B401-4576-A22C-A42316138B61} = {3B5605D4-5DAB-4635-BBF6-75D1DDFC24C3}
		{3C8A5512-CD57-47EC-8E9F-A0F41D5AD2CC} = {7299B4D6-6951-4A32-9C4C-26098108FA4F}
		{5EA6AE9B-BBE6-4D2D-845F-83F3F4EB528B} = {3B5605D4-5DAB-4635-BBF6-75D1DDFC24C3}
		{3661FFE0-C1D9-47D2-B917-6D62C555DEF9} = {267BE0D3-9F7E-44D1-B961-4149AA9A72C3}
		{760FDF43-A0B3-48F0-9F03-832B6012307E} = {8E46E156-84F9-491D-B67C-A1B0EC8A05E9}
		{EC918F52-171B-4A59-86C6-6968BF51B195} = {593B7CA2-78A2-41AC-84DA-C7A6F5A51CFC}
		{DAF99E1F-0D9F-43EC-8EBD-D0512176F3C2} = {7299B4D6-6951-4A32-9C4C-26098108FA4F}
		{4C34AEEF-FC72-41DD-9045-81EE1E1C7195} = {683371DC-B59B-4194-8B85-0FB2B0D88203}
		{8A5428B8-75B1-4567-82C9-4A21A949EA1A} = {683371DC-B59B-4194-8B85-0FB2B0D88203}
		{77D6C736-8EDC-40C9-8055-B82FD736370A} = {683371DC-B59B-4194-8B85-0FB2B0D88203}
		{FCE5CDA1-06A2-4AB5-B7A1-33DB7888E907} = {7299B4D6-6951-4A32-9C4C-26098108FA4F}
		{523FDA58-C4A2-49C9-809A-B2DF52A360FC} = {0716DFFE-6965-4755-B811-D2D678F71B32}
		{88115204-BC01-48D3-8ECE-11BE6DBA1FA1} = {267BE0D3-9F7E-44D1-B961-4149AA9A72C3}
		{B1ABA4D7-BE29-469E-A04E-E01F3055C68D} = {4B2F783D-D273-40EE-9065-6FFEE0806571}
		{F8AE44D5-E357-4E36-B185-18CEFE19F815} = {868AE0D7-022D-4BF2-9A73-EBF8C28AE45C}
		{D8167782-2A05-468F-9542-F9039921BC06} = {3B5605D4-5DAB-4635-BBF6-75D1DDFC24C3}
		{CB21E12D-F989-40A1-AFF0-42F460553A5D} = {3B5605D4-5DAB-4635-BBF6-75D1DDFC24C3}
		{448E4CC2-D3F2-4B76-B6BE-5402BDEC7A00} = {A4C8B8FC-7A0E-430F-9DAD-3B60E5BF2A28}
		{6D9B6254-DEF4-4968-9241-4BFCA30887E4} = {619CEF17-D24F-4BE0-80B6-CF082B70A0F3}
		{AAD7E842-C8A2-440C-9064-E60274AFB166} = {A4C8B8FC-7A0E-430F-9DAD-3B60E5BF2A28}
		{9EB6D85B-7E97-41E2-863C-3F5DF0139F38} = {E61063A2-6093-4493-86C2-3362EB73A930}
		{F880BF27-7999-4817-B887-65BA3A2D8017} = {E61063A2-6093-4493-86C2-3362EB73A930}
		{E7362049-2D08-4B3E-A736-FBC3062AAC26} = {A4C8B8FC-7A0E-430F-9DAD-3B60E5BF2A28}
		{D933CE6E-1C3F-482C-A726-34BD77E18AE0} = {8E46E156-84F9-491D-B67C-A1B0EC8A05E9}
		{02E70624-95DF-4A28-A786-55FCDD69ED6D} = {7299B4D6-6951-4A32-9C4C-26098108FA4F}
		{1F951A80-36B0-438C-8E25-845B1DBBF3BB} = {A4C8B8FC-7A0E-430F-9DAD-3B60E5BF2A28}
		{4925A896-E032-4914-822F-61FDDA6D3312} = {0716DFFE-6965-4755-B811-D2D678F71B32}
		{61662C69-53B4-4F87-BA1E-3F9EF1C7EF08} = {833C4341-4C10-4BAE-A1B4-600592CD4D5C}
		{D9C451B3-1C69-4AD0-A6B2-6EB6E1AC8440} = {AE515356-34DB-4395-8277-D0CB9799A433}
		{4F3C1C7D-969E-4702-B636-83790C8F146C} = {0716DFFE-6965-4755-B811-D2D678F71B32}
		{2272371E-1A84-4ACA-BCEC-82991B1A7A1C} = {8E46E156-84F9-491D-B67C-A1B0EC8A05E9}
		{253967C5-3B4D-4195-8A50-0036910734CD} = {3B5605D4-5DAB-4635-BBF6-75D1DDFC24C3}
		{DD9A07A5-D1F2-48FC-8E9C-EE7E99D72184} = {AE515356-34DB-4395-8277-D0CB9799A433}
		{6B3525E2-A2AE-432D-B8CA-D7B5AC06E6F5} = {AE515356-34DB-4395-8277-D0CB9799A433}
		{9A110D7E-68DB-462B-AE0A-5C7A20830F7B} = {AE515356-34DB-4395-8277-D0CB9799A433}
		{479A97B5-6E8E-45A7-8547-A4EC45130887} = {AABB11C5-F4CB-4F59-86E4-365FB470E0FF}
		{8F08C221-9887-434E-B941-4A3FBD48C82C} = {AABB11C5-F4CB-4F59-86E4-365FB470E0FF}
		{E5041771-88E2-452F-AAAE-A13CAE577C8A} = {3B5605D4-5DAB-4635-BBF6-75D1DDFC24C3}
		{3FB5129D-318A-47C6-BC58-AC1ED30B153E} = {8E46E156-84F9-491D-B67C-A1B0EC8A05E9}
		{55D59444-1F60-4A77-8E30-2B3A7DC4E995} = {8E46E156-84F9-491D-B67C-A1B0EC8A05E9}
		{4B849AF8-265C-42D6-9A91-FEB96B834206} = {267BE0D3-9F7E-44D1-B961-4149AA9A72C3}
		{81570FF7-5BD1-457A-82AD-37DB3EC6630C} = {0716DFFE-6965-4755-B811-D2D678F71B32}
		{7673A8D8-6099-438B-896A-6FA31079D39D} = {AABB11C5-F4CB-4F59-86E4-365FB470E0FF}
		{A208EDF6-13E9-411C-9A95-C6202BB234F2} = {7299B4D6-6951-4A32-9C4C-26098108FA4F}
		{2630F897-579D-4A91-943D-0B892CB09398} = {0716DFFE-6965-4755-B811-D2D678F71B32}
		{1BF5724A-A8EF-486C-B01D-F53412E72D27} = {0716DFFE-6965-4755-B811-D2D678F71B32}
		{6CB6F33D-FA92-49DA-B2B8-79AC502DE521} = {619CEF17-D24F-4BE0-80B6-CF082B70A0F3}
		{524A35FE-F786-46A4-994D-9D014FE6483D} = {267BE0D3-9F7E-44D1-B961-4149AA9A72C3}
		{D2AD9D09-DFB8-45B2-90C2-E1F8AC139C6C} = {258BC13A-10F5-4D45-BFC1-DC1C93B851CB}
		{15A40A2D-A563-4BA4-8A1E-B1569E7816B1} = {7299B4D6-6951-4A32-9C4C-26098108FA4F}
		{BF27F06D-4047-4BB9-B281-4E276B8E8208} = {3B5605D4-5DAB-4635-BBF6-75D1DDFC24C3}
		{424AB240-26B5-4943-B012-98E1B5C82BBD} = {D445ABCD-0A45-4074-BF16-FC1B31CCBA0C}
		{FBC1B7BC-718B-415A-B065-3615005F1E2D} = {4B2F783D-D273-40EE-9065-6FFEE0806571}
		{8757A189-0947-4AA5-B1C3-8804D1358602} = {3B5605D4-5DAB-4635-BBF6-75D1DDFC24C3}
		{1F10AF98-3D5C-4574-9EB7-4472909D9593} = {267BE0D3-9F7E-44D1-B961-4149AA9A72C3}
		{1951A43A-5345-4CBA-8CAE-865FA655AA4B} = {267BE0D3-9F7E-44D1-B961-4149AA9A72C3}
		{6A87AC40-A8EF-4150-9C2F-BF34691D7E2B} = {3B5605D4-5DAB-4635-BBF6-75D1DDFC24C3}
		{11C4E5B1-3BBF-41BB-9DC2-D100C35E85E6} = {3B5605D4-5DAB-4635-BBF6-75D1DDFC24C3}
		{701562C8-85BE-4B3B-853F-A66E2F69E8E0} = {0716DFFE-6965-4755-B811-D2D678F71B32}
		{EC62AB37-00EE-419F-82EF-FA395AF4E502} = {8CB5F735-C087-423E-B8B2-E3158071BF23}
		{0132872B-85CC-490D-8798-1EEE9B055118} = {683371DC-B59B-4194-8B85-0FB2B0D88203}
		{79677DA0-571C-43B2-A30F-4E8FB3534EBD} = {0716DFFE-6965-4755-B811-D2D678F71B32}
		{FCEC1367-4F45-480B-85D8-776892A5A609} = {7299B4D6-6951-4A32-9C4C-26098108FA4F}
		{0165BF53-9A93-493B-8B22-7FA316F6C9C1} = {AABB11C5-F4CB-4F59-86E4-365FB470E0FF}
		{C705F8D4-CD62-4313-AF46-2203D23AE303} = {8E46E156-84F9-491D-B67C-A1B0EC8A05E9}
		{F1719DD7-B2FF-4E65-8EAA-23395ECA0B75} = {593B7CA2-78A2-41AC-84DA-C7A6F5A51CFC}
		{5E6BF26E-E9DD-4AFC-BE2F-27F9D266FCF9} = {D445ABCD-0A45-4074-BF16-FC1B31CCBA0C}
		{EF269DB4-20E5-4C36-A0AF-B9CCF039CAE6} = {992256D8-AE47-4D4F-8745-8530576F8B66}
		{97CE6C61-F440-429D-8C07-B25593398A41} = {833C4341-4C10-4BAE-A1B4-600592CD4D5C}
		{54D54D67-10EB-40AA-9298-36F851AFD070} = {8E46E156-84F9-491D-B67C-A1B0EC8A05E9}
	EndGlobalSection
	GlobalSection(ExtensibilityGlobals) = postSolution
		SolutionGuid = {FD799675-CC5C-4CE3-9EF4-C64C34B023F6}
	EndGlobalSection
EndGlobal
