
Microsoft Visual Studio Solution File, Format Version 12.00
# Visual Studio Version 16
VisualStudioVersion = 16.0.31410.357
MinimumVisualStudioVersion = 10.0.40219.1
Project("{9A19103F-16F7-4668-BE54-9A1E7A4F7556}") = "1. Two Sum", "1. Two Sum\1. Two Sum.csproj", "{11B859BD-8296-44EF-AC77-F27651037337}"
EndProject
Project("{9A19103F-16F7-4668-BE54-9A1E7A4F7556}") = "2. Add Two Numbers", "2. Add Two Numbers\2. Add Two Numbers.csproj", "{909645DE-4CEB-4EC4-B8D0-143476BCD09D}"
EndProject
Project("{9A19103F-16F7-4668-BE54-9A1E7A4F7556}") = "3. Longest Substring Without Repeating Characters", "3. Longest Substring Without Repeating Characters\3. Longest Substring Without Repeating Characters.csproj", "{ECAA7976-C9A4-42E9-9E59-43F84E63248C}"
EndProject
Project("{9A19103F-16F7-4668-BE54-9A1E7A4F7556}") = "4. Median of Two Sorted Arrays", "4. Median of Two Sorted Arrays\4. Median of Two Sorted Arrays.csproj", "{671EF444-4CF2-4EC0-A43A-1D29D0ABD7B1}"
EndProject
Project("{9A19103F-16F7-4668-BE54-9A1E7A4F7556}") = "5. Longest Palindromic Substring", "5. Longest Palindromic Substring\5. Longest Palindromic Substring.csproj", "{5B2016D5-D776-439E-8A7D-8C6DF9F14BDB}"
EndProject
Project("{9A19103F-16F7-4668-BE54-9A1E7A4F7556}") = "6. ZigZag Conversion", "6. ZigZag Conversion\6. ZigZag Conversion.csproj", "{204795B0-4FA9-47D9-8FE4-ECFA0380EC17}"
EndProject
Project("{9A19103F-16F7-4668-BE54-9A1E7A4F7556}") = "7. Reverse Integer", "7. Reverse Integer\7. Reverse Integer.csproj", "{E7D2206D-F868-4C18-84D2-6AC052C73139}"
EndProject
Project("{9A19103F-16F7-4668-BE54-9A1E7A4F7556}") = "8. String to Integer (atoi)", "8. String to Integer (atoi)\8. String to Integer (atoi).csproj", "{7A7BB24A-F3C1-45F8-AA45-5864CF566659}"
EndProject
Project("{9A19103F-16F7-4668-BE54-9A1E7A4F7556}") = "926. Flip String to Monotone Increasing", "926. Flip String to Monotone Increasing\926. Flip String to Monotone Increasing.csproj", "{6A72EE5B-38A7-4BFA-8773-B3979A5B8F6A}"
EndProject
Project("{9A19103F-16F7-4668-BE54-9A1E7A4F7556}") = "10. Regular Expression Matching", "10. Regular Expression Matching\10. Regular Expression Matching.csproj", "{D8CED46B-10F6-4B34-A5AF-3EEC7074B478}"
EndProject
Project("{9A19103F-16F7-4668-BE54-9A1E7A4F7556}") = "12. Integer to Roman", "12. Integer to Roman\12. Integer to Roman.csproj", "{4D421063-B165-44F1-98A2-87EADB446C04}"
EndProject
Project("{2150E333-8FDC-42A3-9474-1A3956D46DE8}") = "001-099", "001-099", "{0716DFFE-6965-4755-B811-D2D678F71B32}"
EndProject
Project("{2150E333-8FDC-42A3-9474-1A3956D46DE8}") = "051-100", "051-100", "{7299B4D6-6951-4A32-9C4C-26098108FA4F}"
EndProject
Project("{9A19103F-16F7-4668-BE54-9A1E7A4F7556}") = "49. Group Anagrams", "49. Group Anagrams\49. Group Anagrams.csproj", "{13497477-3F0E-434E-AEFC-C54092E8A0E5}"
EndProject
Project("{9A19103F-16F7-4668-BE54-9A1E7A4F7556}") = "73. Set Matrix Zeroes", "73. Set Matrix Zeroes\73. Set Matrix Zeroes.csproj", "{BFA691E1-DD98-4C94-B867-C5B2A43654F7}"
EndProject
Project("{2150E333-8FDC-42A3-9474-1A3956D46DE8}") = "101-200", "101-200", "{AABB11C5-F4CB-4F59-86E4-365FB470E0FF}"
EndProject
Project("{2150E333-8FDC-42A3-9474-1A3956D46DE8}") = "901-1000", "901-1000", "{619CEF17-D24F-4BE0-80B6-CF082B70A0F3}"
EndProject
Project("{9A19103F-16F7-4668-BE54-9A1E7A4F7556}") = "76. Minimum Window Substring", "76. Minimum Window Substring\76. Minimum Window Substring.csproj", "{964363F8-9597-4FB5-80EC-AD33C0A14561}"
EndProject
Project("{2150E333-8FDC-42A3-9474-1A3956D46DE8}") = "301-400", "301-400", "{8E46E156-84F9-491D-B67C-A1B0EC8A05E9}"
EndProject
Project("{9A19103F-16F7-4668-BE54-9A1E7A4F7556}") = "303. Range Sum Query - Immutable", "303. Range Sum Query - Immutable\303. Range Sum Query - Immutable.csproj", "{C002B5DF-837C-4C76-A0CF-BEF392954FFD}"
EndProject
Project("{2150E333-8FDC-42A3-9474-1A3956D46DE8}") = "1400-1500", "1400-1500", "{2D924BCF-9454-4D6B-8A13-84B5B16A2EF6}"
EndProject
Project("{9A19103F-16F7-4668-BE54-9A1E7A4F7556}") = "1448. Count Good Nodes in Binary Tree", "1448. Count Good Nodes in Binary Tree\1448. Count Good Nodes in Binary Tree.csproj", "{C5FDF418-9277-4A38-AD90-E7A2D697E9B1}"
EndProject
Project("{2150E333-8FDC-42A3-9474-1A3956D46DE8}") = "801-900", "801-900", "{833C4341-4C10-4BAE-A1B4-600592CD4D5C}"
EndProject
Project("{9A19103F-16F7-4668-BE54-9A1E7A4F7556}") = "850. Rectangle Area II", "850. Rectangle Area II\850. Rectangle Area II.csproj", "{D7601328-F4AF-45A6-96F6-CAAB2F895B21}"
EndProject
Project("{2150E333-8FDC-42A3-9474-1A3956D46DE8}") = "601-700", "601-700", "{593B7CA2-78A2-41AC-84DA-C7A6F5A51CFC}"
EndProject
Project("{9A19103F-16F7-4668-BE54-9A1E7A4F7556}") = "653. Two Sum IV - Input is a BST", "653. Two Sum IV - Input is a BST\653. Two Sum IV - Input is a BST.csproj", "{E7A00BA3-F6F4-4B5E-B813-A28B524B52D2}"
EndProject
Project("{9A19103F-16F7-4668-BE54-9A1E7A4F7556}") = "633. Sum of Square Numbers", "633. Sum of Square Numbers\633. Sum of Square Numbers.csproj", "{62E3392C-2CD4-4AA6-A76B-89ECD8E237C5}"
EndProject
Project("{9A19103F-16F7-4668-BE54-9A1E7A4F7556}") = "115. Distinct Subsequences", "115. Distinct Subsequences\115. Distinct Subsequences.csproj", "{DCB567B8-160F-428A-BC4B-A81189F6393E}"
EndProject
Project("{2150E333-8FDC-42A3-9474-1A3956D46DE8}") = "1300-1399", "1300-1399", "{8CB5F735-C087-423E-B8B2-E3158071BF23}"
EndProject
Project("{9A19103F-16F7-4668-BE54-9A1E7A4F7556}") = "1328. Break a Palindrome", "1328. Break a Palindrome\1328. Break a Palindrome.csproj", "{0D9759C0-2337-48D3-B83C-A31F279D1538}"
EndProject
Project("{2150E333-8FDC-42A3-9474-1A3956D46DE8}") = "401-500", "401-500", "{683371DC-B59B-4194-8B85-0FB2B0D88203}"
EndProject
Project("{9A19103F-16F7-4668-BE54-9A1E7A4F7556}") = "463. Island Perimeter", "463. Island Perimeter\463. Island Perimeter.csproj", "{8482AE15-22C3-44BE-9745-C32951B29385}"
EndProject
Project("{9A19103F-16F7-4668-BE54-9A1E7A4F7556}") = "442. Find All Duplicates in an Array", "442. Find All Duplicates in an Array\442. Find All Duplicates in an Array.csproj", "{6BD7C4B9-F641-4CC0-9EAE-6E78C6FDE5B2}"
EndProject
Project("{2150E333-8FDC-42A3-9474-1A3956D46DE8}") = "701-800", "701-800", "{267BE0D3-9F7E-44D1-B961-4149AA9A72C3}"
EndProject
Project("{9A19103F-16F7-4668-BE54-9A1E7A4F7556}") = "704. Binary Search", "704. Binary Search\704. Binary Search.csproj", "{95A5C0C1-39C8-443F-9192-CA8321F4DC94}"
EndProject
Project("{9A19103F-16F7-4668-BE54-9A1E7A4F7556}") = "79. Word Search", "79. Word Search\79. Word Search.csproj", "{D88E8C30-44FB-4AE5-A293-2D724DABAAE2}"
EndProject
Project("{2150E333-8FDC-42A3-9474-1A3956D46DE8}") = "201-300", "201-300", "{3B5605D4-5DAB-4635-BBF6-75D1DDFC24C3}"
EndProject
Project("{9A19103F-16F7-4668-BE54-9A1E7A4F7556}") = "208. Implement Trie (Prefix Tree)", "208. Implement Trie (Prefix Tree)\208. Implement Trie (Prefix Tree).csproj", "{0D00A273-2FFC-43CE-9AC8-D8F41C468697}"
EndProject
Project("{2150E333-8FDC-42A3-9474-1A3956D46DE8}") = "501-600", "501-600", "{AE515356-34DB-4395-8277-D0CB9799A433}"
EndProject
Project("{9A19103F-16F7-4668-BE54-9A1E7A4F7556}") = "543. Diameter of Binary Tree", "543. Diameter of Binary Tree\543. Diameter of Binary Tree.csproj", "{0C9C12A7-949C-414C-B54C-E1FFD37E5780}"
EndProject
Project("{9A19103F-16F7-4668-BE54-9A1E7A4F7556}") = "374. Guess Number Higher or Lower", "374. Guess Number Higher or Lower\374. Guess Number Higher or Lower.csproj", "{E2E62C19-4FA0-4ED4-B5DD-E4B5A4564FD8}"
EndProject
Project("{2150E333-8FDC-42A3-9474-1A3956D46DE8}") = "1001-1100", "1001-1100", "{A4C8B8FC-7A0E-430F-9DAD-3B60E5BF2A28}"
EndProject
Project("{9A19103F-16F7-4668-BE54-9A1E7A4F7556}") = "1008. Construct Binary Search Tree from Preorder Traversal", "1008. Construct Binary Search Tree from Preorder Traversal\1008. Construct Binary Search Tree from Preorder Traversal.csproj", "{785D7897-C054-4C90-9C76-18266E7CE40F}"
EndProject
Project("{9A19103F-16F7-4668-BE54-9A1E7A4F7556}") = "279. Perfect Squares", "279. Perfect Squares\279. Perfect Squares.csproj", "{FC2F0C72-7966-4D63-B5F5-C9FDEA61D879}"
EndProject
Project("{9A19103F-16F7-4668-BE54-9A1E7A4F7556}") = "309. Best Time to Buy and Sell Stock with Cooldown", "309. Best Time to Buy and Sell Stock with Cooldown\309. Best Time to Buy and Sell Stock with Cooldown.csproj", "{5F0C4E5C-82D6-46D0-BF54-3DDE8EF8463B}"
EndProject
Project("{9A19103F-16F7-4668-BE54-9A1E7A4F7556}") = "993. Cousins in Binary Tree", "993. Cousins in Binary Tree\993. Cousins in Binary Tree.csproj", "{237AA855-E8D6-4C5A-A741-E33996B51B1B}"
EndProject
Project("{FAE04EC0-301F-11D3-BF4B-00C04F79EFBC}") = "496. Next Greater Element I", "496. Next Greater Element I\496. Next Greater Element I.csproj", "{D5FBC979-7931-4D08-A510-6A2985B1943E}"
EndProject
Global
	GlobalSection(SolutionConfigurationPlatforms) = preSolution
		Debug|Any CPU = Debug|Any CPU
		Release|Any CPU = Release|Any CPU
	EndGlobalSection
	GlobalSection(ProjectConfigurationPlatforms) = postSolution
		{11B859BD-8296-44EF-AC77-F27651037337}.Debug|Any CPU.ActiveCfg = Debug|Any CPU
		{11B859BD-8296-44EF-AC77-F27651037337}.Debug|Any CPU.Build.0 = Debug|Any CPU
		{11B859BD-8296-44EF-AC77-F27651037337}.Release|Any CPU.ActiveCfg = Release|Any CPU
		{11B859BD-8296-44EF-AC77-F27651037337}.Release|Any CPU.Build.0 = Release|Any CPU
		{909645DE-4CEB-4EC4-B8D0-143476BCD09D}.Debug|Any CPU.ActiveCfg = Debug|Any CPU
		{909645DE-4CEB-4EC4-B8D0-143476BCD09D}.Debug|Any CPU.Build.0 = Debug|Any CPU
		{909645DE-4CEB-4EC4-B8D0-143476BCD09D}.Release|Any CPU.ActiveCfg = Release|Any CPU
		{909645DE-4CEB-4EC4-B8D0-143476BCD09D}.Release|Any CPU.Build.0 = Release|Any CPU
		{ECAA7976-C9A4-42E9-9E59-43F84E63248C}.Debug|Any CPU.ActiveCfg = Debug|Any CPU
		{ECAA7976-C9A4-42E9-9E59-43F84E63248C}.Debug|Any CPU.Build.0 = Debug|Any CPU
		{ECAA7976-C9A4-42E9-9E59-43F84E63248C}.Release|Any CPU.ActiveCfg = Release|Any CPU
		{ECAA7976-C9A4-42E9-9E59-43F84E63248C}.Release|Any CPU.Build.0 = Release|Any CPU
		{671EF444-4CF2-4EC0-A43A-1D29D0ABD7B1}.Debug|Any CPU.ActiveCfg = Debug|Any CPU
		{671EF444-4CF2-4EC0-A43A-1D29D0ABD7B1}.Debug|Any CPU.Build.0 = Debug|Any CPU
		{671EF444-4CF2-4EC0-A43A-1D29D0ABD7B1}.Release|Any CPU.ActiveCfg = Release|Any CPU
		{671EF444-4CF2-4EC0-A43A-1D29D0ABD7B1}.Release|Any CPU.Build.0 = Release|Any CPU
		{5B2016D5-D776-439E-8A7D-8C6DF9F14BDB}.Debug|Any CPU.ActiveCfg = Debug|Any CPU
		{5B2016D5-D776-439E-8A7D-8C6DF9F14BDB}.Debug|Any CPU.Build.0 = Debug|Any CPU
		{5B2016D5-D776-439E-8A7D-8C6DF9F14BDB}.Release|Any CPU.ActiveCfg = Release|Any CPU
		{5B2016D5-D776-439E-8A7D-8C6DF9F14BDB}.Release|Any CPU.Build.0 = Release|Any CPU
		{204795B0-4FA9-47D9-8FE4-ECFA0380EC17}.Debug|Any CPU.ActiveCfg = Debug|Any CPU
		{204795B0-4FA9-47D9-8FE4-ECFA0380EC17}.Debug|Any CPU.Build.0 = Debug|Any CPU
		{204795B0-4FA9-47D9-8FE4-ECFA0380EC17}.Release|Any CPU.ActiveCfg = Release|Any CPU
		{204795B0-4FA9-47D9-8FE4-ECFA0380EC17}.Release|Any CPU.Build.0 = Release|Any CPU
		{E7D2206D-F868-4C18-84D2-6AC052C73139}.Debug|Any CPU.ActiveCfg = Debug|Any CPU
		{E7D2206D-F868-4C18-84D2-6AC052C73139}.Debug|Any CPU.Build.0 = Debug|Any CPU
		{E7D2206D-F868-4C18-84D2-6AC052C73139}.Release|Any CPU.ActiveCfg = Release|Any CPU
		{E7D2206D-F868-4C18-84D2-6AC052C73139}.Release|Any CPU.Build.0 = Release|Any CPU
		{7A7BB24A-F3C1-45F8-AA45-5864CF566659}.Debug|Any CPU.ActiveCfg = Debug|Any CPU
		{7A7BB24A-F3C1-45F8-AA45-5864CF566659}.Debug|Any CPU.Build.0 = Debug|Any CPU
		{7A7BB24A-F3C1-45F8-AA45-5864CF566659}.Release|Any CPU.ActiveCfg = Release|Any CPU
		{7A7BB24A-F3C1-45F8-AA45-5864CF566659}.Release|Any CPU.Build.0 = Release|Any CPU
		{6A72EE5B-38A7-4BFA-8773-B3979A5B8F6A}.Debug|Any CPU.ActiveCfg = Debug|Any CPU
		{6A72EE5B-38A7-4BFA-8773-B3979A5B8F6A}.Debug|Any CPU.Build.0 = Debug|Any CPU
		{6A72EE5B-38A7-4BFA-8773-B3979A5B8F6A}.Release|Any CPU.ActiveCfg = Release|Any CPU
		{6A72EE5B-38A7-4BFA-8773-B3979A5B8F6A}.Release|Any CPU.Build.0 = Release|Any CPU
		{D8CED46B-10F6-4B34-A5AF-3EEC7074B478}.Debug|Any CPU.ActiveCfg = Debug|Any CPU
		{D8CED46B-10F6-4B34-A5AF-3EEC7074B478}.Debug|Any CPU.Build.0 = Debug|Any CPU
		{D8CED46B-10F6-4B34-A5AF-3EEC7074B478}.Release|Any CPU.ActiveCfg = Release|Any CPU
		{D8CED46B-10F6-4B34-A5AF-3EEC7074B478}.Release|Any CPU.Build.0 = Release|Any CPU
		{4D421063-B165-44F1-98A2-87EADB446C04}.Debug|Any CPU.ActiveCfg = Debug|Any CPU
		{4D421063-B165-44F1-98A2-87EADB446C04}.Debug|Any CPU.Build.0 = Debug|Any CPU
		{4D421063-B165-44F1-98A2-87EADB446C04}.Release|Any CPU.ActiveCfg = Release|Any CPU
		{4D421063-B165-44F1-98A2-87EADB446C04}.Release|Any CPU.Build.0 = Release|Any CPU
		{13497477-3F0E-434E-AEFC-C54092E8A0E5}.Debug|Any CPU.ActiveCfg = Debug|Any CPU
		{13497477-3F0E-434E-AEFC-C54092E8A0E5}.Debug|Any CPU.Build.0 = Debug|Any CPU
		{13497477-3F0E-434E-AEFC-C54092E8A0E5}.Release|Any CPU.ActiveCfg = Release|Any CPU
		{13497477-3F0E-434E-AEFC-C54092E8A0E5}.Release|Any CPU.Build.0 = Release|Any CPU
		{BFA691E1-DD98-4C94-B867-C5B2A43654F7}.Debug|Any CPU.ActiveCfg = Debug|Any CPU
		{BFA691E1-DD98-4C94-B867-C5B2A43654F7}.Debug|Any CPU.Build.0 = Debug|Any CPU
		{BFA691E1-DD98-4C94-B867-C5B2A43654F7}.Release|Any CPU.ActiveCfg = Release|Any CPU
		{BFA691E1-DD98-4C94-B867-C5B2A43654F7}.Release|Any CPU.Build.0 = Release|Any CPU
		{964363F8-9597-4FB5-80EC-AD33C0A14561}.Debug|Any CPU.ActiveCfg = Debug|Any CPU
		{964363F8-9597-4FB5-80EC-AD33C0A14561}.Debug|Any CPU.Build.0 = Debug|Any CPU
		{964363F8-9597-4FB5-80EC-AD33C0A14561}.Release|Any CPU.ActiveCfg = Release|Any CPU
		{964363F8-9597-4FB5-80EC-AD33C0A14561}.Release|Any CPU.Build.0 = Release|Any CPU
		{C002B5DF-837C-4C76-A0CF-BEF392954FFD}.Debug|Any CPU.ActiveCfg = Debug|Any CPU
		{C002B5DF-837C-4C76-A0CF-BEF392954FFD}.Debug|Any CPU.Build.0 = Debug|Any CPU
		{C002B5DF-837C-4C76-A0CF-BEF392954FFD}.Release|Any CPU.ActiveCfg = Release|Any CPU
		{C002B5DF-837C-4C76-A0CF-BEF392954FFD}.Release|Any CPU.Build.0 = Release|Any CPU
		{C5FDF418-9277-4A38-AD90-E7A2D697E9B1}.Debug|Any CPU.ActiveCfg = Debug|Any CPU
		{C5FDF418-9277-4A38-AD90-E7A2D697E9B1}.Debug|Any CPU.Build.0 = Debug|Any CPU
		{C5FDF418-9277-4A38-AD90-E7A2D697E9B1}.Release|Any CPU.ActiveCfg = Release|Any CPU
		{C5FDF418-9277-4A38-AD90-E7A2D697E9B1}.Release|Any CPU.Build.0 = Release|Any CPU
		{D7601328-F4AF-45A6-96F6-CAAB2F895B21}.Debug|Any CPU.ActiveCfg = Debug|Any CPU
		{D7601328-F4AF-45A6-96F6-CAAB2F895B21}.Debug|Any CPU.Build.0 = Debug|Any CPU
		{D7601328-F4AF-45A6-96F6-CAAB2F895B21}.Release|Any CPU.ActiveCfg = Release|Any CPU
		{D7601328-F4AF-45A6-96F6-CAAB2F895B21}.Release|Any CPU.Build.0 = Release|Any CPU
		{E7A00BA3-F6F4-4B5E-B813-A28B524B52D2}.Debug|Any CPU.ActiveCfg = Debug|Any CPU
		{E7A00BA3-F6F4-4B5E-B813-A28B524B52D2}.Debug|Any CPU.Build.0 = Debug|Any CPU
		{E7A00BA3-F6F4-4B5E-B813-A28B524B52D2}.Release|Any CPU.ActiveCfg = Release|Any CPU
		{E7A00BA3-F6F4-4B5E-B813-A28B524B52D2}.Release|Any CPU.Build.0 = Release|Any CPU
		{62E3392C-2CD4-4AA6-A76B-89ECD8E237C5}.Debug|Any CPU.ActiveCfg = Debug|Any CPU
		{62E3392C-2CD4-4AA6-A76B-89ECD8E237C5}.Debug|Any CPU.Build.0 = Debug|Any CPU
		{62E3392C-2CD4-4AA6-A76B-89ECD8E237C5}.Release|Any CPU.ActiveCfg = Release|Any CPU
		{62E3392C-2CD4-4AA6-A76B-89ECD8E237C5}.Release|Any CPU.Build.0 = Release|Any CPU
		{DCB567B8-160F-428A-BC4B-A81189F6393E}.Debug|Any CPU.ActiveCfg = Debug|Any CPU
		{DCB567B8-160F-428A-BC4B-A81189F6393E}.Debug|Any CPU.Build.0 = Debug|Any CPU
		{DCB567B8-160F-428A-BC4B-A81189F6393E}.Release|Any CPU.ActiveCfg = Release|Any CPU
		{DCB567B8-160F-428A-BC4B-A81189F6393E}.Release|Any CPU.Build.0 = Release|Any CPU
		{0D9759C0-2337-48D3-B83C-A31F279D1538}.Debug|Any CPU.ActiveCfg = Debug|Any CPU
		{0D9759C0-2337-48D3-B83C-A31F279D1538}.Debug|Any CPU.Build.0 = Debug|Any CPU
		{0D9759C0-2337-48D3-B83C-A31F279D1538}.Release|Any CPU.ActiveCfg = Release|Any CPU
		{0D9759C0-2337-48D3-B83C-A31F279D1538}.Release|Any CPU.Build.0 = Release|Any CPU
		{8482AE15-22C3-44BE-9745-C32951B29385}.Debug|Any CPU.ActiveCfg = Debug|Any CPU
		{8482AE15-22C3-44BE-9745-C32951B29385}.Debug|Any CPU.Build.0 = Debug|Any CPU
		{8482AE15-22C3-44BE-9745-C32951B29385}.Release|Any CPU.ActiveCfg = Release|Any CPU
		{8482AE15-22C3-44BE-9745-C32951B29385}.Release|Any CPU.Build.0 = Release|Any CPU
		{6BD7C4B9-F641-4CC0-9EAE-6E78C6FDE5B2}.Debug|Any CPU.ActiveCfg = Debug|Any CPU
		{6BD7C4B9-F641-4CC0-9EAE-6E78C6FDE5B2}.Debug|Any CPU.Build.0 = Debug|Any CPU
		{6BD7C4B9-F641-4CC0-9EAE-6E78C6FDE5B2}.Release|Any CPU.ActiveCfg = Release|Any CPU
		{6BD7C4B9-F641-4CC0-9EAE-6E78C6FDE5B2}.Release|Any CPU.Build.0 = Release|Any CPU
		{95A5C0C1-39C8-443F-9192-CA8321F4DC94}.Debug|Any CPU.ActiveCfg = Debug|Any CPU
		{95A5C0C1-39C8-443F-9192-CA8321F4DC94}.Debug|Any CPU.Build.0 = Debug|Any CPU
		{95A5C0C1-39C8-443F-9192-CA8321F4DC94}.Release|Any CPU.ActiveCfg = Release|Any CPU
		{95A5C0C1-39C8-443F-9192-CA8321F4DC94}.Release|Any CPU.Build.0 = Release|Any CPU
		{D88E8C30-44FB-4AE5-A293-2D724DABAAE2}.Debug|Any CPU.ActiveCfg = Debug|Any CPU
		{D88E8C30-44FB-4AE5-A293-2D724DABAAE2}.Debug|Any CPU.Build.0 = Debug|Any CPU
		{D88E8C30-44FB-4AE5-A293-2D724DABAAE2}.Release|Any CPU.ActiveCfg = Release|Any CPU
		{D88E8C30-44FB-4AE5-A293-2D724DABAAE2}.Release|Any CPU.Build.0 = Release|Any CPU
		{0D00A273-2FFC-43CE-9AC8-D8F41C468697}.Debug|Any CPU.ActiveCfg = Debug|Any CPU
		{0D00A273-2FFC-43CE-9AC8-D8F41C468697}.Debug|Any CPU.Build.0 = Debug|Any CPU
		{0D00A273-2FFC-43CE-9AC8-D8F41C468697}.Release|Any CPU.ActiveCfg = Release|Any CPU
		{0D00A273-2FFC-43CE-9AC8-D8F41C468697}.Release|Any CPU.Build.0 = Release|Any CPU
		{0C9C12A7-949C-414C-B54C-E1FFD37E5780}.Debug|Any CPU.ActiveCfg = Debug|Any CPU
		{0C9C12A7-949C-414C-B54C-E1FFD37E5780}.Debug|Any CPU.Build.0 = Debug|Any CPU
		{0C9C12A7-949C-414C-B54C-E1FFD37E5780}.Release|Any CPU.ActiveCfg = Release|Any CPU
		{0C9C12A7-949C-414C-B54C-E1FFD37E5780}.Release|Any CPU.Build.0 = Release|Any CPU
		{E2E62C19-4FA0-4ED4-B5DD-E4B5A4564FD8}.Debug|Any CPU.ActiveCfg = Debug|Any CPU
		{E2E62C19-4FA0-4ED4-B5DD-E4B5A4564FD8}.Debug|Any CPU.Build.0 = Debug|Any CPU
		{E2E62C19-4FA0-4ED4-B5DD-E4B5A4564FD8}.Release|Any CPU.ActiveCfg = Release|Any CPU
		{E2E62C19-4FA0-4ED4-B5DD-E4B5A4564FD8}.Release|Any CPU.Build.0 = Release|Any CPU
		{785D7897-C054-4C90-9C76-18266E7CE40F}.Debug|Any CPU.ActiveCfg = Debug|Any CPU
		{785D7897-C054-4C90-9C76-18266E7CE40F}.Debug|Any CPU.Build.0 = Debug|Any CPU
		{785D7897-C054-4C90-9C76-18266E7CE40F}.Release|Any CPU.ActiveCfg = Release|Any CPU
		{785D7897-C054-4C90-9C76-18266E7CE40F}.Release|Any CPU.Build.0 = Release|Any CPU
		{FC2F0C72-7966-4D63-B5F5-C9FDEA61D879}.Debug|Any CPU.ActiveCfg = Debug|Any CPU
		{FC2F0C72-7966-4D63-B5F5-C9FDEA61D879}.Debug|Any CPU.Build.0 = Debug|Any CPU
		{FC2F0C72-7966-4D63-B5F5-C9FDEA61D879}.Release|Any CPU.ActiveCfg = Release|Any CPU
		{FC2F0C72-7966-4D63-B5F5-C9FDEA61D879}.Release|Any CPU.Build.0 = Release|Any CPU
		{5F0C4E5C-82D6-46D0-BF54-3DDE8EF8463B}.Debug|Any CPU.ActiveCfg = Debug|Any CPU
		{5F0C4E5C-82D6-46D0-BF54-3DDE8EF8463B}.Debug|Any CPU.Build.0 = Debug|Any CPU
		{5F0C4E5C-82D6-46D0-BF54-3DDE8EF8463B}.Release|Any CPU.ActiveCfg = Release|Any CPU
		{5F0C4E5C-82D6-46D0-BF54-3DDE8EF8463B}.Release|Any CPU.Build.0 = Release|Any CPU
		{237AA855-E8D6-4C5A-A741-E33996B51B1B}.Debug|Any CPU.ActiveCfg = Debug|Any CPU
		{237AA855-E8D6-4C5A-A741-E33996B51B1B}.Debug|Any CPU.Build.0 = Debug|Any CPU
		{237AA855-E8D6-4C5A-A741-E33996B51B1B}.Release|Any CPU.ActiveCfg = Release|Any CPU
		{237AA855-E8D6-4C5A-A741-E33996B51B1B}.Release|Any CPU.Build.0 = Release|Any CPU
		{D5FBC979-7931-4D08-A510-6A2985B1943E}.Debug|Any CPU.ActiveCfg = Debug|Any CPU
		{D5FBC979-7931-4D08-A510-6A2985B1943E}.Debug|Any CPU.Build.0 = Debug|Any CPU
		{D5FBC979-7931-4D08-A510-6A2985B1943E}.Release|Any CPU.ActiveCfg = Release|Any CPU
		{D5FBC979-7931-4D08-A510-6A2985B1943E}.Release|Any CPU.Build.0 = Release|Any CPU
	EndGlobalSection
	GlobalSection(SolutionProperties) = preSolution
		HideSolutionNode = FALSE
	EndGlobalSection
	GlobalSection(NestedProjects) = preSolution
		{11B859BD-8296-44EF-AC77-F27651037337} = {0716DFFE-6965-4755-B811-D2D678F71B32}
		{909645DE-4CEB-4EC4-B8D0-143476BCD09D} = {0716DFFE-6965-4755-B811-D2D678F71B32}
		{ECAA7976-C9A4-42E9-9E59-43F84E63248C} = {0716DFFE-6965-4755-B811-D2D678F71B32}
		{671EF444-4CF2-4EC0-A43A-1D29D0ABD7B1} = {0716DFFE-6965-4755-B811-D2D678F71B32}
		{5B2016D5-D776-439E-8A7D-8C6DF9F14BDB} = {0716DFFE-6965-4755-B811-D2D678F71B32}
		{204795B0-4FA9-47D9-8FE4-ECFA0380EC17} = {0716DFFE-6965-4755-B811-D2D678F71B32}
		{E7D2206D-F868-4C18-84D2-6AC052C73139} = {0716DFFE-6965-4755-B811-D2D678F71B32}
		{7A7BB24A-F3C1-45F8-AA45-5864CF566659} = {0716DFFE-6965-4755-B811-D2D678F71B32}
		{6A72EE5B-38A7-4BFA-8773-B3979A5B8F6A} = {619CEF17-D24F-4BE0-80B6-CF082B70A0F3}
		{D8CED46B-10F6-4B34-A5AF-3EEC7074B478} = {0716DFFE-6965-4755-B811-D2D678F71B32}
		{4D421063-B165-44F1-98A2-87EADB446C04} = {0716DFFE-6965-4755-B811-D2D678F71B32}
		{13497477-3F0E-434E-AEFC-C54092E8A0E5} = {7299B4D6-6951-4A32-9C4C-26098108FA4F}
		{BFA691E1-DD98-4C94-B867-C5B2A43654F7} = {7299B4D6-6951-4A32-9C4C-26098108FA4F}
		{964363F8-9597-4FB5-80EC-AD33C0A14561} = {7299B4D6-6951-4A32-9C4C-26098108FA4F}
		{C002B5DF-837C-4C76-A0CF-BEF392954FFD} = {8E46E156-84F9-491D-B67C-A1B0EC8A05E9}
		{C5FDF418-9277-4A38-AD90-E7A2D697E9B1} = {2D924BCF-9454-4D6B-8A13-84B5B16A2EF6}
		{D7601328-F4AF-45A6-96F6-CAAB2F895B21} = {833C4341-4C10-4BAE-A1B4-600592CD4D5C}
		{E7A00BA3-F6F4-4B5E-B813-A28B524B52D2} = {593B7CA2-78A2-41AC-84DA-C7A6F5A51CFC}
		{62E3392C-2CD4-4AA6-A76B-89ECD8E237C5} = {593B7CA2-78A2-41AC-84DA-C7A6F5A51CFC}
		{DCB567B8-160F-428A-BC4B-A81189F6393E} = {AABB11C5-F4CB-4F59-86E4-365FB470E0FF}
		{0D9759C0-2337-48D3-B83C-A31F279D1538} = {8CB5F735-C087-423E-B8B2-E3158071BF23}
		{8482AE15-22C3-44BE-9745-C32951B29385} = {683371DC-B59B-4194-8B85-0FB2B0D88203}
		{6BD7C4B9-F641-4CC0-9EAE-6E78C6FDE5B2} = {683371DC-B59B-4194-8B85-0FB2B0D88203}
		{95A5C0C1-39C8-443F-9192-CA8321F4DC94} = {267BE0D3-9F7E-44D1-B961-4149AA9A72C3}
		{D88E8C30-44FB-4AE5-A293-2D724DABAAE2} = {0716DFFE-6965-4755-B811-D2D678F71B32}
		{0D00A273-2FFC-43CE-9AC8-D8F41C468697} = {3B5605D4-5DAB-4635-BBF6-75D1DDFC24C3}
		{0C9C12A7-949C-414C-B54C-E1FFD37E5780} = {AE515356-34DB-4395-8277-D0CB9799A433}
		{E2E62C19-4FA0-4ED4-B5DD-E4B5A4564FD8} = {8E46E156-84F9-491D-B67C-A1B0EC8A05E9}
		{785D7897-C054-4C90-9C76-18266E7CE40F} = {A4C8B8FC-7A0E-430F-9DAD-3B60E5BF2A28}
		{FC2F0C72-7966-4D63-B5F5-C9FDEA61D879} = {3B5605D4-5DAB-4635-BBF6-75D1DDFC24C3}
		{5F0C4E5C-82D6-46D0-BF54-3DDE8EF8463B} = {8E46E156-84F9-491D-B67C-A1B0EC8A05E9}
		{237AA855-E8D6-4C5A-A741-E33996B51B1B} = {619CEF17-D24F-4BE0-80B6-CF082B70A0F3}
		{D5FBC979-7931-4D08-A510-6A2985B1943E} = {683371DC-B59B-4194-8B85-0FB2B0D88203}
	EndGlobalSection
	GlobalSection(ExtensibilityGlobals) = postSolution
		SolutionGuid = {FD799675-CC5C-4CE3-9EF4-C64C34B023F6}
	EndGlobalSection
EndGlobal
